PODS:
  - Alamofire (4.7.2)
  - AlamofireImage (3.3.1):
    - Alamofire (~> 4.5)
  - AlamofireObjectMapper (5.0.0):
    - Alamofire (~> 4.1)
    - ObjectMapper (~> 3.0)
  - EstimoteSDK (4.27.0)
  - FTIndicator (1.2.9):
    - FTIndicator/FTNotificationIndicator (= 1.2.9)
    - FTIndicator/FTProgressIndicator (= 1.2.9)
    - FTIndicator/FTToastIndicator (= 1.2.9)
  - FTIndicator/FTNotificationIndicator (1.2.9)
  - FTIndicator/FTProgressIndicator (1.2.9)
  - FTIndicator/FTToastIndicator (1.2.9)
  - ObjectMapper (3.3.0)
  - SwiftyBeaver (1.6.0)

DEPENDENCIES:
  - Alamofire
  - AlamofireImage
  - AlamofireObjectMapper
  - EstimoteSDK
  - FTIndicator
  - SwiftyBeaver

SPEC REPOS:
  https://github.com/cocoapods/specs.git:
    - Alamofire
    - AlamofireImage
    - AlamofireObjectMapper
    - EstimoteSDK
    - FTIndicator
    - ObjectMapper
    - SwiftyBeaver

SPEC CHECKSUMS:
  Alamofire: e4fa87002c137ba2d8d634d2c51fabcda0d5c223
  AlamofireImage: 3b35b586853abaf94ca1250f4e94cff3c21a4c0d
  AlamofireObjectMapper: 5fafc816351cbbc0d486611aaeba7461c0cbad49
  EstimoteSDK: 61935c7fbcb9fe93b97b0360351aef66fb1c338d
  FTIndicator: f7f071fd159e5befa1d040a9ef2e3ab53fa9322c
  ObjectMapper: b612bf8c8e99c4dc0bb6013a51f7c27966ed5da9
  SwiftyBeaver: e45759613e50b522b0e6f53b1f0f14389b45ca34

PODFILE CHECKSUM: cd7124dcb285560c8a4af518c76c9d5af972f201

COCOAPODS: 1.5.3
