PODS:
  - Alamofire (4.7.3)
  - AlamofireImage (3.3.1):
    - Alamofire (~> 4.5)
  - AlamofireObjectMapper (5.1.0):
    - Alamofire (~> 4.1)
    - ObjectMapper (~> 3.3)
  - EstimoteBluetoothScanning (0.2.0)
  - EstimoteProximitySDK (1.0.0):
    - EstimoteBluetoothScanning (~> 0.2.0)
  - Firebase/Core (5.5.0):
    - Firebase/CoreOnly
    - FirebaseAnalytics (= 5.1.0)
  - Firebase/CoreOnly (5.5.0):
    - FirebaseCore (= 5.1.0)
  - FirebaseAnalytics (5.1.0):
    - FirebaseCore (~> 5.1)
    - FirebaseInstanceID (~> 3.2)
    - GoogleAppMeasurement (~> 5.1)
    - GoogleUtilities/AppDelegateSwizzler (~> 5.2.0)
    - GoogleUtilities/MethodSwizzler (~> 5.2.0)
    - GoogleUtilities/Network (~> 5.2)
    - "GoogleUtilities/NSData+zlib (~> 5.2)"
    - nanopb (~> 0.3)
  - FirebaseCore (5.1.0):
    - GoogleUtilities/Logger (~> 5.2)
  - FirebaseInstanceID (3.2.0):
    - FirebaseCore (~> 5.1)
    - GoogleUtilities/Environment (~> 5.2)
  - FTIndicator (1.2.9):
    - FTIndicator/FTNotificationIndicator (= 1.2.9)
    - FTIndicator/FTProgressIndicator (= 1.2.9)
    - FTIndicator/FTToastIndicator (= 1.2.9)
  - FTIndicator/FTNotificationIndicator (1.2.9)
  - FTIndicator/FTProgressIndicator (1.2.9)
  - FTIndicator/FTToastIndicator (1.2.9)
  - GoogleAppMeasurement (5.1.0):
    - GoogleUtilities/AppDelegateSwizzler (~> 5.2.0)
    - GoogleUtilities/MethodSwizzler (~> 5.2.0)
    - GoogleUtilities/Network (~> 5.2)
    - "GoogleUtilities/NSData+zlib (~> 5.2)"
    - nanopb (~> 0.3)
  - GoogleUtilities/AppDelegateSwizzler (5.2.1):
    - GoogleUtilities/Logger
    - GoogleUtilities/Network
  - GoogleUtilities/Environment (5.2.1)
  - GoogleUtilities/Logger (5.2.1):
    - GoogleUtilities/Environment
  - GoogleUtilities/MethodSwizzler (5.2.1):
    - GoogleUtilities/Logger
  - GoogleUtilities/Network (5.2.1):
    - GoogleUtilities/Logger
    - "GoogleUtilities/NSData+zlib"
    - GoogleUtilities/Reachability
  - "GoogleUtilities/NSData+zlib (5.2.1)"
  - GoogleUtilities/Reachability (5.2.1):
    - GoogleUtilities/Logger
  - nanopb (0.3.8):
    - nanopb/decode (= 0.3.8)
    - nanopb/encode (= 0.3.8)
  - nanopb/decode (0.3.8)
  - nanopb/encode (0.3.8)
  - ObjectMapper (3.3.0)
  - SwiftyBeaver (1.6.0)

DEPENDENCIES:
  - Alamofire
  - AlamofireImage
  - AlamofireObjectMapper
  - EstimoteProximitySDK
  - Firebase/Core
  - FTIndicator
  - SwiftyBeaver

SPEC REPOS:
  https://github.com/cocoapods/specs.git:
    - Alamofire
    - AlamofireImage
    - AlamofireObjectMapper
    - EstimoteBluetoothScanning
    - EstimoteProximitySDK
    - Firebase
    - FirebaseAnalytics
    - FirebaseCore
    - FirebaseInstanceID
    - FTIndicator
    - GoogleAppMeasurement
    - GoogleUtilities
    - nanopb
    - ObjectMapper
    - SwiftyBeaver

SPEC CHECKSUMS:
  Alamofire: c7287b6e5d7da964a70935e5db17046b7fde6568
  AlamofireImage: 3b35b586853abaf94ca1250f4e94cff3c21a4c0d
  AlamofireObjectMapper: 3395e698901d8b0e6f48b7d0c43bd47875325102
  EstimoteBluetoothScanning: d44e46ebebe4e0e2696c4577168cb8660b5d4ee9
  EstimoteProximitySDK: 187038fe57f1f39252391f7920f2f1992c8aed8c
  Firebase: 8c957f9cb3852b519180fb378801b7eeeba4d288
  FirebaseAnalytics: d4a260c114aec0d765ab5b9c404ac63de1d29381
  FirebaseCore: ee4b35cf8c8e781da296cc7c15125e4608bb954d
  FirebaseInstanceID: 8cd2c6cfe7b9ab65ce7e248f6da7f26f6775b9be
  FTIndicator: f7f071fd159e5befa1d040a9ef2e3ab53fa9322c
  GoogleAppMeasurement: e785bdb86d3d280abc778156cec323a975f11d1d
  GoogleUtilities: 8d9fa00248c475b606fd20b562242060a20117a2
  nanopb: 5601e6bca2dbf1ed831b519092ec110f66982ca3
  ObjectMapper: b612bf8c8e99c4dc0bb6013a51f7c27966ed5da9
  SwiftyBeaver: e45759613e50b522b0e6f53b1f0f14389b45ca34

PODFILE CHECKSUM: 53b8dd73a2a4e165cae7e4ddc2eb17af7aa6a901

COCOAPODS: 1.5.3
