// !$*UTF8*$!
{
	archiveVersion = 1;
	classes = {
	};
	objectVersion = 48;
	objects = {

/* Begin PBXBuildFile section */
		0FB1542AC32B0B35E00C7DBF /* Pods_SmartShoppingUITests.framework in Frameworks */ = {isa = PBXBuildFile; fileRef = BBD7814CD7881F1D02FB53BC /* Pods_SmartShoppingUITests.framework */; };
		4C0D6A291FC8090400E25DFD /* AppDelegate.swift in Sources */ = {isa = PBXBuildFile; fileRef = 4C0D6A281FC8090400E25DFD /* AppDelegate.swift */; };
		4C0D6A2B1FC8090400E25DFD /* StoreViewController.swift in Sources */ = {isa = PBXBuildFile; fileRef = 4C0D6A2A1FC8090400E25DFD /* StoreViewController.swift */; };
		4C0D6A2E1FC8090400E25DFD /* Main.storyboard in Resources */ = {isa = PBXBuildFile; fileRef = 4C0D6A2C1FC8090400E25DFD /* Main.storyboard */; };
		4C0D6A301FC8090400E25DFD /* Assets.xcassets in Resources */ = {isa = PBXBuildFile; fileRef = 4C0D6A2F1FC8090400E25DFD /* Assets.xcassets */; };
		4C0D6A331FC8090400E25DFD /* LaunchScreen.storyboard in Resources */ = {isa = PBXBuildFile; fileRef = 4C0D6A311FC8090400E25DFD /* LaunchScreen.storyboard */; };
		4C0D6A3E1FC8090400E25DFD /* SmartShoppingTests.swift in Sources */ = {isa = PBXBuildFile; fileRef = 4C0D6A3D1FC8090400E25DFD /* SmartShoppingTests.swift */; };
		4C0D6A491FC8090400E25DFD /* SmartShoppingUITests.swift in Sources */ = {isa = PBXBuildFile; fileRef = 4C0D6A481FC8090400E25DFD /* SmartShoppingUITests.swift */; };
		4C0D6A571FC809B200E25DFD /* LoginViewController.swift in Sources */ = {isa = PBXBuildFile; fileRef = 4C0D6A561FC809B200E25DFD /* LoginViewController.swift */; };
		4C0D6A591FC809D000E25DFD /* BaseViewController.swift in Sources */ = {isa = PBXBuildFile; fileRef = 4C0D6A581FC809D000E25DFD /* BaseViewController.swift */; };
		4C0D6A5B1FC8112700E25DFD /* NotificationViewController.swift in Sources */ = {isa = PBXBuildFile; fileRef = 4C0D6A5A1FC8112700E25DFD /* NotificationViewController.swift */; };
		4C3273D720E40AC0008A0F0E /* Roboto-LightItalic.ttf in Resources */ = {isa = PBXBuildFile; fileRef = 4C3273CB20E40ABF008A0F0E /* Roboto-LightItalic.ttf */; };
		4C3273D820E40AC0008A0F0E /* Roboto-Bold.ttf in Resources */ = {isa = PBXBuildFile; fileRef = 4C3273CC20E40ABF008A0F0E /* Roboto-Bold.ttf */; };
		4C3273D920E40AC0008A0F0E /* Roboto-Italic.ttf in Resources */ = {isa = PBXBuildFile; fileRef = 4C3273CD20E40ABF008A0F0E /* Roboto-Italic.ttf */; };
		4C3273DA20E40AC0008A0F0E /* Roboto-Black.ttf in Resources */ = {isa = PBXBuildFile; fileRef = 4C3273CE20E40ABF008A0F0E /* Roboto-Black.ttf */; };
		4C3273DB20E40AC0008A0F0E /* Roboto-ThinItalic.ttf in Resources */ = {isa = PBXBuildFile; fileRef = 4C3273CF20E40ABF008A0F0E /* Roboto-ThinItalic.ttf */; };
		4C3273DC20E40AC0008A0F0E /* Roboto-BlackItalic.ttf in Resources */ = {isa = PBXBuildFile; fileRef = 4C3273D020E40ABF008A0F0E /* Roboto-BlackItalic.ttf */; };
		4C3273DD20E40AC0008A0F0E /* Roboto-MediumItalic.ttf in Resources */ = {isa = PBXBuildFile; fileRef = 4C3273D120E40ABF008A0F0E /* Roboto-MediumItalic.ttf */; };
		4C3273DE20E40AC0008A0F0E /* Roboto-Medium.ttf in Resources */ = {isa = PBXBuildFile; fileRef = 4C3273D220E40ABF008A0F0E /* Roboto-Medium.ttf */; };
		4C3273DF20E40AC0008A0F0E /* Roboto-Light.ttf in Resources */ = {isa = PBXBuildFile; fileRef = 4C3273D320E40ABF008A0F0E /* Roboto-Light.ttf */; };
		4C3273E020E40AC0008A0F0E /* Roboto-BoldItalic.ttf in Resources */ = {isa = PBXBuildFile; fileRef = 4C3273D420E40ABF008A0F0E /* Roboto-BoldItalic.ttf */; };
		4C3273E120E40AC0008A0F0E /* Roboto-Regular.ttf in Resources */ = {isa = PBXBuildFile; fileRef = 4C3273D520E40AC0008A0F0E /* Roboto-Regular.ttf */; };
		4C3273E220E40AC0008A0F0E /* Roboto-Thin.ttf in Resources */ = {isa = PBXBuildFile; fileRef = 4C3273D620E40AC0008A0F0E /* Roboto-Thin.ttf */; };
		4C3273E420E40C33008A0F0E /* AppearanceManager.swift in Sources */ = {isa = PBXBuildFile; fileRef = 4C3273E320E40C33008A0F0E /* AppearanceManager.swift */; };
		4C3273E620E42807008A0F0E /* FontAwesomeSolid.otf in Resources */ = {isa = PBXBuildFile; fileRef = 4C3273E520E42804008A0F0E /* FontAwesomeSolid.otf */; };
		4C40A87C20DAB2FF00962C28 /* Store.swift in Sources */ = {isa = PBXBuildFile; fileRef = 4C40A87B20DAB2FF00962C28 /* Store.swift */; };
		4C40A87E20DAB30D00962C28 /* Category.swift in Sources */ = {isa = PBXBuildFile; fileRef = 4C40A87D20DAB30D00962C28 /* Category.swift */; };
		4C40A88020DAB31600962C28 /* Product.swift in Sources */ = {isa = PBXBuildFile; fileRef = 4C40A87F20DAB31600962C28 /* Product.swift */; };
		4C40A88220DAB32100962C28 /* Notification.swift in Sources */ = {isa = PBXBuildFile; fileRef = 4C40A88120DAB32100962C28 /* Notification.swift */; };
		4C40A88420DAB64C00962C28 /* ProductViewModel.swift in Sources */ = {isa = PBXBuildFile; fileRef = 4C40A88320DAB64C00962C28 /* ProductViewModel.swift */; };
		4C40A88820DABE8100962C28 /* ResponseList.swift in Sources */ = {isa = PBXBuildFile; fileRef = 4C40A88720DABE8100962C28 /* ResponseList.swift */; };
		4C40A88A20DAC32100962C28 /* StoreViewModel.swift in Sources */ = {isa = PBXBuildFile; fileRef = 4C40A88920DAC32100962C28 /* StoreViewModel.swift */; };
		4C45711620DA753800104F35 /* Color.swift in Sources */ = {isa = PBXBuildFile; fileRef = 4C45711520DA753800104F35 /* Color.swift */; };
		4C45711820DA776700104F35 /* Font.swift in Sources */ = {isa = PBXBuildFile; fileRef = 4C45711720DA776700104F35 /* Font.swift */; };
		4C45712120DAABDF00104F35 /* APICall.swift in Sources */ = {isa = PBXBuildFile; fileRef = 4C45712020DAABDF00104F35 /* APICall.swift */; };
		4C54532C1FCB086E00A25ED1 /* Extensions.swift in Sources */ = {isa = PBXBuildFile; fileRef = 4C54532B1FCB086E00A25ED1 /* Extensions.swift */; };
		4C7DB4541FC877DB006D0810 /* ProductCollectionViewCell.swift in Sources */ = {isa = PBXBuildFile; fileRef = 4C7DB4531FC877DB006D0810 /* ProductCollectionViewCell.swift */; };
		4C7DB4561FC8780D006D0810 /* NotificationTableViewCell.swift in Sources */ = {isa = PBXBuildFile; fileRef = 4C7DB4551FC8780D006D0810 /* NotificationTableViewCell.swift */; };
		4C7DB4581FC8783C006D0810 /* StoreTableViewCell.swift in Sources */ = {isa = PBXBuildFile; fileRef = 4C7DB4571FC8783C006D0810 /* StoreTableViewCell.swift */; };
		4C7DB4621FC8B25F006D0810 /* PromotionViewController.swift in Sources */ = {isa = PBXBuildFile; fileRef = 4C7DB4611FC8B25F006D0810 /* PromotionViewController.swift */; };
		4C7DB4641FC8B689006D0810 /* PromotionCollectionViewCell.swift in Sources */ = {isa = PBXBuildFile; fileRef = 4C7DB4631FC8B689006D0810 /* PromotionCollectionViewCell.swift */; };
		4C7DB46A1FC8BA62006D0810 /* meditation.jpg in Resources */ = {isa = PBXBuildFile; fileRef = 4C7DB4651FC8B8B4006D0810 /* meditation.jpg */; };
		4C7DB46B1FC8BA62006D0810 /* surf.jpg in Resources */ = {isa = PBXBuildFile; fileRef = 4C7DB4661FC8B8C0006D0810 /* surf.jpg */; };
		4C7DB46C1FC8BA62006D0810 /* yoga.jpg in Resources */ = {isa = PBXBuildFile; fileRef = 4C7DB4671FC8B8D6006D0810 /* yoga.jpg */; };
		4C7DB46D1FC8BA62006D0810 /* h-m-logo.png in Resources */ = {isa = PBXBuildFile; fileRef = 4C7DB4681FC8B8EB006D0810 /* h-m-logo.png */; };
		4C7DB46E1FC8BA62006D0810 /* HM.png in Resources */ = {isa = PBXBuildFile; fileRef = 4C7DB4691FC8B8FB006D0810 /* HM.png */; };
		4C97B87720CD803500D681F9 /* StoreCategoryViewController.swift in Sources */ = {isa = PBXBuildFile; fileRef = 4C97B87620CD803500D681F9 /* StoreCategoryViewController.swift */; };
		4C97B87920CD804400D681F9 /* StoreProductViewController.swift in Sources */ = {isa = PBXBuildFile; fileRef = 4C97B87820CD804400D681F9 /* StoreProductViewController.swift */; };
		4C97B87B20CD80AC00D681F9 /* CategoryCollectionViewCell.swift in Sources */ = {isa = PBXBuildFile; fileRef = 4C97B87A20CD80AC00D681F9 /* CategoryCollectionViewCell.swift */; };
		4CFA965E1FC9665A00A44E6D /* NotificationManager.swift in Sources */ = {isa = PBXBuildFile; fileRef = 4CFA965D1FC9665A00A44E6D /* NotificationManager.swift */; };
		63897FAA2B0A79C86F460713 /* Pods_SmartShopping.framework in Frameworks */ = {isa = PBXBuildFile; fileRef = 5983C33B2F59FC85B3031BA5 /* Pods_SmartShopping.framework */; };
		64B2ECEA93CA9CFF16FACF34 /* Pods_SmartShoppingTests.framework in Frameworks */ = {isa = PBXBuildFile; fileRef = 49F441B2DA9E36BDBE3FEA3D /* Pods_SmartShoppingTests.framework */; };
/* End PBXBuildFile section */

/* Begin PBXContainerItemProxy section */
		4C0D6A3A1FC8090400E25DFD /* PBXContainerItemProxy */ = {
			isa = PBXContainerItemProxy;
			containerPortal = 4C0D6A1D1FC8090300E25DFD /* Project object */;
			proxyType = 1;
			remoteGlobalIDString = 4C0D6A241FC8090400E25DFD;
			remoteInfo = SmartShopping;
		};
		4C0D6A451FC8090400E25DFD /* PBXContainerItemProxy */ = {
			isa = PBXContainerItemProxy;
			containerPortal = 4C0D6A1D1FC8090300E25DFD /* Project object */;
			proxyType = 1;
			remoteGlobalIDString = 4C0D6A241FC8090400E25DFD;
			remoteInfo = SmartShopping;
		};
/* End PBXContainerItemProxy section */

/* Begin PBXFileReference section */
		1838CEC624A0CA3B64C0D6CA /* Pods-SmartShoppingTests.debug.xcconfig */ = {isa = PBXFileReference; includeInIndex = 1; lastKnownFileType = text.xcconfig; name = "Pods-SmartShoppingTests.debug.xcconfig"; path = "Pods/Target Support Files/Pods-SmartShoppingTests/Pods-SmartShoppingTests.debug.xcconfig"; sourceTree = "<group>"; };
		42CB0AE000D379EB46DEF199 /* Pods-SmartShoppingTests.release.xcconfig */ = {isa = PBXFileReference; includeInIndex = 1; lastKnownFileType = text.xcconfig; name = "Pods-SmartShoppingTests.release.xcconfig"; path = "Pods/Target Support Files/Pods-SmartShoppingTests/Pods-SmartShoppingTests.release.xcconfig"; sourceTree = "<group>"; };
		49F441B2DA9E36BDBE3FEA3D /* Pods_SmartShoppingTests.framework */ = {isa = PBXFileReference; explicitFileType = wrapper.framework; includeInIndex = 0; path = Pods_SmartShoppingTests.framework; sourceTree = BUILT_PRODUCTS_DIR; };
		4C0D6A251FC8090400E25DFD /* SmartShopping.app */ = {isa = PBXFileReference; explicitFileType = wrapper.application; includeInIndex = 0; path = SmartShopping.app; sourceTree = BUILT_PRODUCTS_DIR; };
		4C0D6A281FC8090400E25DFD /* AppDelegate.swift */ = {isa = PBXFileReference; lastKnownFileType = sourcecode.swift; path = AppDelegate.swift; sourceTree = "<group>"; };
		4C0D6A2A1FC8090400E25DFD /* StoreViewController.swift */ = {isa = PBXFileReference; lastKnownFileType = sourcecode.swift; path = StoreViewController.swift; sourceTree = "<group>"; };
		4C0D6A2D1FC8090400E25DFD /* Base */ = {isa = PBXFileReference; lastKnownFileType = file.storyboard; name = Base; path = Base.lproj/Main.storyboard; sourceTree = "<group>"; };
		4C0D6A2F1FC8090400E25DFD /* Assets.xcassets */ = {isa = PBXFileReference; lastKnownFileType = folder.assetcatalog; path = Assets.xcassets; sourceTree = "<group>"; };
		4C0D6A321FC8090400E25DFD /* Base */ = {isa = PBXFileReference; lastKnownFileType = file.storyboard; name = Base; path = Base.lproj/LaunchScreen.storyboard; sourceTree = "<group>"; };
		4C0D6A341FC8090400E25DFD /* Info.plist */ = {isa = PBXFileReference; lastKnownFileType = text.plist.xml; path = Info.plist; sourceTree = "<group>"; };
		4C0D6A391FC8090400E25DFD /* SmartShoppingTests.xctest */ = {isa = PBXFileReference; explicitFileType = wrapper.cfbundle; includeInIndex = 0; path = SmartShoppingTests.xctest; sourceTree = BUILT_PRODUCTS_DIR; };
		4C0D6A3D1FC8090400E25DFD /* SmartShoppingTests.swift */ = {isa = PBXFileReference; lastKnownFileType = sourcecode.swift; path = SmartShoppingTests.swift; sourceTree = "<group>"; };
		4C0D6A3F1FC8090400E25DFD /* Info.plist */ = {isa = PBXFileReference; lastKnownFileType = text.plist.xml; path = Info.plist; sourceTree = "<group>"; };
		4C0D6A441FC8090400E25DFD /* SmartShoppingUITests.xctest */ = {isa = PBXFileReference; explicitFileType = wrapper.cfbundle; includeInIndex = 0; path = SmartShoppingUITests.xctest; sourceTree = BUILT_PRODUCTS_DIR; };
		4C0D6A481FC8090400E25DFD /* SmartShoppingUITests.swift */ = {isa = PBXFileReference; lastKnownFileType = sourcecode.swift; path = SmartShoppingUITests.swift; sourceTree = "<group>"; };
		4C0D6A4A1FC8090400E25DFD /* Info.plist */ = {isa = PBXFileReference; lastKnownFileType = text.plist.xml; path = Info.plist; sourceTree = "<group>"; };
		4C0D6A561FC809B200E25DFD /* LoginViewController.swift */ = {isa = PBXFileReference; lastKnownFileType = sourcecode.swift; path = LoginViewController.swift; sourceTree = "<group>"; };
		4C0D6A581FC809D000E25DFD /* BaseViewController.swift */ = {isa = PBXFileReference; lastKnownFileType = sourcecode.swift; path = BaseViewController.swift; sourceTree = "<group>"; };
		4C0D6A5A1FC8112700E25DFD /* NotificationViewController.swift */ = {isa = PBXFileReference; lastKnownFileType = sourcecode.swift; path = NotificationViewController.swift; sourceTree = "<group>"; };
		4C3273CB20E40ABF008A0F0E /* Roboto-LightItalic.ttf */ = {isa = PBXFileReference; lastKnownFileType = file; path = "Roboto-LightItalic.ttf"; sourceTree = "<group>"; };
		4C3273CC20E40ABF008A0F0E /* Roboto-Bold.ttf */ = {isa = PBXFileReference; lastKnownFileType = file; path = "Roboto-Bold.ttf"; sourceTree = "<group>"; };
		4C3273CD20E40ABF008A0F0E /* Roboto-Italic.ttf */ = {isa = PBXFileReference; lastKnownFileType = file; path = "Roboto-Italic.ttf"; sourceTree = "<group>"; };
		4C3273CE20E40ABF008A0F0E /* Roboto-Black.ttf */ = {isa = PBXFileReference; lastKnownFileType = file; path = "Roboto-Black.ttf"; sourceTree = "<group>"; };
		4C3273CF20E40ABF008A0F0E /* Roboto-ThinItalic.ttf */ = {isa = PBXFileReference; lastKnownFileType = file; path = "Roboto-ThinItalic.ttf"; sourceTree = "<group>"; };
		4C3273D020E40ABF008A0F0E /* Roboto-BlackItalic.ttf */ = {isa = PBXFileReference; lastKnownFileType = file; path = "Roboto-BlackItalic.ttf"; sourceTree = "<group>"; };
		4C3273D120E40ABF008A0F0E /* Roboto-MediumItalic.ttf */ = {isa = PBXFileReference; lastKnownFileType = file; path = "Roboto-MediumItalic.ttf"; sourceTree = "<group>"; };
		4C3273D220E40ABF008A0F0E /* Roboto-Medium.ttf */ = {isa = PBXFileReference; lastKnownFileType = file; path = "Roboto-Medium.ttf"; sourceTree = "<group>"; };
		4C3273D320E40ABF008A0F0E /* Roboto-Light.ttf */ = {isa = PBXFileReference; lastKnownFileType = file; path = "Roboto-Light.ttf"; sourceTree = "<group>"; };
		4C3273D420E40ABF008A0F0E /* Roboto-BoldItalic.ttf */ = {isa = PBXFileReference; lastKnownFileType = file; path = "Roboto-BoldItalic.ttf"; sourceTree = "<group>"; };
		4C3273D520E40AC0008A0F0E /* Roboto-Regular.ttf */ = {isa = PBXFileReference; lastKnownFileType = file; path = "Roboto-Regular.ttf"; sourceTree = "<group>"; };
		4C3273D620E40AC0008A0F0E /* Roboto-Thin.ttf */ = {isa = PBXFileReference; lastKnownFileType = file; path = "Roboto-Thin.ttf"; sourceTree = "<group>"; };
		4C3273E320E40C33008A0F0E /* AppearanceManager.swift */ = {isa = PBXFileReference; lastKnownFileType = sourcecode.swift; path = AppearanceManager.swift; sourceTree = "<group>"; };
		4C3273E520E42804008A0F0E /* FontAwesomeSolid.otf */ = {isa = PBXFileReference; lastKnownFileType = file; path = FontAwesomeSolid.otf; sourceTree = "<group>"; };
		4C40A87B20DAB2FF00962C28 /* Store.swift */ = {isa = PBXFileReference; lastKnownFileType = sourcecode.swift; path = Store.swift; sourceTree = "<group>"; };
		4C40A87D20DAB30D00962C28 /* Category.swift */ = {isa = PBXFileReference; lastKnownFileType = sourcecode.swift; path = Category.swift; sourceTree = "<group>"; };
		4C40A87F20DAB31600962C28 /* Product.swift */ = {isa = PBXFileReference; lastKnownFileType = sourcecode.swift; path = Product.swift; sourceTree = "<group>"; };
		4C40A88120DAB32100962C28 /* Notification.swift */ = {isa = PBXFileReference; lastKnownFileType = sourcecode.swift; path = Notification.swift; sourceTree = "<group>"; };
		4C40A88320DAB64C00962C28 /* ProductViewModel.swift */ = {isa = PBXFileReference; lastKnownFileType = sourcecode.swift; path = ProductViewModel.swift; sourceTree = "<group>"; };
		4C40A88720DABE8100962C28 /* ResponseList.swift */ = {isa = PBXFileReference; lastKnownFileType = sourcecode.swift; path = ResponseList.swift; sourceTree = "<group>"; };
		4C40A88920DAC32100962C28 /* StoreViewModel.swift */ = {isa = PBXFileReference; lastKnownFileType = sourcecode.swift; path = StoreViewModel.swift; sourceTree = "<group>"; };
		4C45711520DA753800104F35 /* Color.swift */ = {isa = PBXFileReference; lastKnownFileType = sourcecode.swift; path = Color.swift; sourceTree = "<group>"; };
		4C45711720DA776700104F35 /* Font.swift */ = {isa = PBXFileReference; lastKnownFileType = sourcecode.swift; path = Font.swift; sourceTree = "<group>"; };
		4C45712020DAABDF00104F35 /* APICall.swift */ = {isa = PBXFileReference; lastKnownFileType = sourcecode.swift; path = APICall.swift; sourceTree = "<group>"; };
		4C54532A1FC96B8D00A25ED1 /* ObjCBridge.h */ = {isa = PBXFileReference; lastKnownFileType = sourcecode.c.h; path = ObjCBridge.h; sourceTree = "<group>"; };
		4C54532B1FCB086E00A25ED1 /* Extensions.swift */ = {isa = PBXFileReference; lastKnownFileType = sourcecode.swift; path = Extensions.swift; sourceTree = "<group>"; };
		4C7DB4531FC877DB006D0810 /* ProductCollectionViewCell.swift */ = {isa = PBXFileReference; lastKnownFileType = sourcecode.swift; path = ProductCollectionViewCell.swift; sourceTree = "<group>"; };
		4C7DB4551FC8780D006D0810 /* NotificationTableViewCell.swift */ = {isa = PBXFileReference; lastKnownFileType = sourcecode.swift; path = NotificationTableViewCell.swift; sourceTree = "<group>"; };
		4C7DB4571FC8783C006D0810 /* StoreTableViewCell.swift */ = {isa = PBXFileReference; lastKnownFileType = sourcecode.swift; path = StoreTableViewCell.swift; sourceTree = "<group>"; };
		4C7DB4611FC8B25F006D0810 /* PromotionViewController.swift */ = {isa = PBXFileReference; lastKnownFileType = sourcecode.swift; path = PromotionViewController.swift; sourceTree = "<group>"; };
		4C7DB4631FC8B689006D0810 /* PromotionCollectionViewCell.swift */ = {isa = PBXFileReference; lastKnownFileType = sourcecode.swift; path = PromotionCollectionViewCell.swift; sourceTree = "<group>"; };
		4C7DB4651FC8B8B4006D0810 /* meditation.jpg */ = {isa = PBXFileReference; lastKnownFileType = image.jpeg; path = meditation.jpg; sourceTree = "<group>"; };
		4C7DB4661FC8B8C0006D0810 /* surf.jpg */ = {isa = PBXFileReference; lastKnownFileType = image.jpeg; path = surf.jpg; sourceTree = "<group>"; };
		4C7DB4671FC8B8D6006D0810 /* yoga.jpg */ = {isa = PBXFileReference; lastKnownFileType = image.jpeg; path = yoga.jpg; sourceTree = "<group>"; };
		4C7DB4681FC8B8EB006D0810 /* h-m-logo.png */ = {isa = PBXFileReference; lastKnownFileType = image.png; path = "h-m-logo.png"; sourceTree = "<group>"; };
		4C7DB4691FC8B8FB006D0810 /* HM.png */ = {isa = PBXFileReference; lastKnownFileType = image.png; path = HM.png; sourceTree = "<group>"; };
		4C97B87620CD803500D681F9 /* StoreCategoryViewController.swift */ = {isa = PBXFileReference; lastKnownFileType = sourcecode.swift; path = StoreCategoryViewController.swift; sourceTree = "<group>"; };
		4C97B87820CD804400D681F9 /* StoreProductViewController.swift */ = {isa = PBXFileReference; lastKnownFileType = sourcecode.swift; path = StoreProductViewController.swift; sourceTree = "<group>"; };
		4C97B87A20CD80AC00D681F9 /* CategoryCollectionViewCell.swift */ = {isa = PBXFileReference; lastKnownFileType = sourcecode.swift; path = CategoryCollectionViewCell.swift; sourceTree = "<group>"; };
		4CFA965D1FC9665A00A44E6D /* NotificationManager.swift */ = {isa = PBXFileReference; fileEncoding = 4; lastKnownFileType = sourcecode.swift; path = NotificationManager.swift; sourceTree = "<group>"; };
		5983C33B2F59FC85B3031BA5 /* Pods_SmartShopping.framework */ = {isa = PBXFileReference; explicitFileType = wrapper.framework; includeInIndex = 0; path = Pods_SmartShopping.framework; sourceTree = BUILT_PRODUCTS_DIR; };
		645BA20D7C2ED0261FE8FB61 /* Pods-SmartShoppingUITests.release.xcconfig */ = {isa = PBXFileReference; includeInIndex = 1; lastKnownFileType = text.xcconfig; name = "Pods-SmartShoppingUITests.release.xcconfig"; path = "Pods/Target Support Files/Pods-SmartShoppingUITests/Pods-SmartShoppingUITests.release.xcconfig"; sourceTree = "<group>"; };
		709497E7287585BCFB7D5DFE /* Pods-SmartShoppingUITests.debug.xcconfig */ = {isa = PBXFileReference; includeInIndex = 1; lastKnownFileType = text.xcconfig; name = "Pods-SmartShoppingUITests.debug.xcconfig"; path = "Pods/Target Support Files/Pods-SmartShoppingUITests/Pods-SmartShoppingUITests.debug.xcconfig"; sourceTree = "<group>"; };
		B4F8DCAEB994FF77FBC68137 /* Pods-SmartShopping.release.xcconfig */ = {isa = PBXFileReference; includeInIndex = 1; lastKnownFileType = text.xcconfig; name = "Pods-SmartShopping.release.xcconfig"; path = "Pods/Target Support Files/Pods-SmartShopping/Pods-SmartShopping.release.xcconfig"; sourceTree = "<group>"; };
		BBD7814CD7881F1D02FB53BC /* Pods_SmartShoppingUITests.framework */ = {isa = PBXFileReference; explicitFileType = wrapper.framework; includeInIndex = 0; path = Pods_SmartShoppingUITests.framework; sourceTree = BUILT_PRODUCTS_DIR; };
		D6EDE2989D18C31507E8A4AC /* Pods-SmartShopping.debug.xcconfig */ = {isa = PBXFileReference; includeInIndex = 1; lastKnownFileType = text.xcconfig; name = "Pods-SmartShopping.debug.xcconfig"; path = "Pods/Target Support Files/Pods-SmartShopping/Pods-SmartShopping.debug.xcconfig"; sourceTree = "<group>"; };
/* End PBXFileReference section */

/* Begin PBXFrameworksBuildPhase section */
		4C0D6A221FC8090400E25DFD /* Frameworks */ = {
			isa = PBXFrameworksBuildPhase;
			buildActionMask = 2147483647;
			files = (
				63897FAA2B0A79C86F460713 /* Pods_SmartShopping.framework in Frameworks */,
			);
			runOnlyForDeploymentPostprocessing = 0;
		};
		4C0D6A361FC8090400E25DFD /* Frameworks */ = {
			isa = PBXFrameworksBuildPhase;
			buildActionMask = 2147483647;
			files = (
				64B2ECEA93CA9CFF16FACF34 /* Pods_SmartShoppingTests.framework in Frameworks */,
			);
			runOnlyForDeploymentPostprocessing = 0;
		};
		4C0D6A411FC8090400E25DFD /* Frameworks */ = {
			isa = PBXFrameworksBuildPhase;
			buildActionMask = 2147483647;
			files = (
				0FB1542AC32B0B35E00C7DBF /* Pods_SmartShoppingUITests.framework in Frameworks */,
			);
			runOnlyForDeploymentPostprocessing = 0;
		};
/* End PBXFrameworksBuildPhase section */

/* Begin PBXGroup section */
		4C0D6A1C1FC8090300E25DFD = {
			isa = PBXGroup;
			children = (
				4C0D6A271FC8090400E25DFD /* SmartShopping */,
				4C0D6A3C1FC8090400E25DFD /* SmartShoppingTests */,
				4C0D6A471FC8090400E25DFD /* SmartShoppingUITests */,
				4C0D6A261FC8090400E25DFD /* Products */,
				BD4EA1296EE9A98E44FFA951 /* Pods */,
				F21D6D8E654663982716C28B /* Frameworks */,
			);
			sourceTree = "<group>";
		};
		4C0D6A261FC8090400E25DFD /* Products */ = {
			isa = PBXGroup;
			children = (
				4C0D6A251FC8090400E25DFD /* SmartShopping.app */,
				4C0D6A391FC8090400E25DFD /* SmartShoppingTests.xctest */,
				4C0D6A441FC8090400E25DFD /* SmartShoppingUITests.xctest */,
			);
			name = Products;
			sourceTree = "<group>";
		};
		4C0D6A271FC8090400E25DFD /* SmartShopping */ = {
			isa = PBXGroup;
			children = (
				4C3273C920E40A8C008A0F0E /* Resources */,
				4C40A87A20DAB2EC00962C28 /* Models */,
				4C40A87920DAB2DE00962C28 /* ViewModels */,
				4C7DB45C1FC8889C006D0810 /* MockData */,
				4C7DB4521FC877C1006D0810 /* Views */,
				4C0D6A5C1FC81A2B00E25DFD /* ViewControllers */,
				4CFA965C1FC9664800A44E6D /* Utils */,
				4C0D6A281FC8090400E25DFD /* AppDelegate.swift */,
				4C0D6A2C1FC8090400E25DFD /* Main.storyboard */,
				4C0D6A2F1FC8090400E25DFD /* Assets.xcassets */,
				4C0D6A311FC8090400E25DFD /* LaunchScreen.storyboard */,
				4C0D6A341FC8090400E25DFD /* Info.plist */,
				4C54532A1FC96B8D00A25ED1 /* ObjCBridge.h */,
			);
			path = SmartShopping;
			sourceTree = "<group>";
		};
		4C0D6A3C1FC8090400E25DFD /* SmartShoppingTests */ = {
			isa = PBXGroup;
			children = (
				4C0D6A3D1FC8090400E25DFD /* SmartShoppingTests.swift */,
				4C0D6A3F1FC8090400E25DFD /* Info.plist */,
			);
			path = SmartShoppingTests;
			sourceTree = "<group>";
		};
		4C0D6A471FC8090400E25DFD /* SmartShoppingUITests */ = {
			isa = PBXGroup;
			children = (
				4C0D6A481FC8090400E25DFD /* SmartShoppingUITests.swift */,
				4C0D6A4A1FC8090400E25DFD /* Info.plist */,
			);
			path = SmartShoppingUITests;
			sourceTree = "<group>";
		};
		4C0D6A5C1FC81A2B00E25DFD /* ViewControllers */ = {
			isa = PBXGroup;
			children = (
				4C0D6A581FC809D000E25DFD /* BaseViewController.swift */,
				4C0D6A2A1FC8090400E25DFD /* StoreViewController.swift */,
				4C0D6A561FC809B200E25DFD /* LoginViewController.swift */,
				4C0D6A5A1FC8112700E25DFD /* NotificationViewController.swift */,
				4C7DB4611FC8B25F006D0810 /* PromotionViewController.swift */,
				4C97B87620CD803500D681F9 /* StoreCategoryViewController.swift */,
				4C97B87820CD804400D681F9 /* StoreProductViewController.swift */,
			);
			path = ViewControllers;
			sourceTree = "<group>";
		};
		4C3273C920E40A8C008A0F0E /* Resources */ = {
			isa = PBXGroup;
			children = (
				4C3273CA20E40A9C008A0F0E /* Fonts */,
			);
			path = Resources;
			sourceTree = "<group>";
		};
		4C3273CA20E40A9C008A0F0E /* Fonts */ = {
			isa = PBXGroup;
			children = (
				4C3273E520E42804008A0F0E /* FontAwesomeSolid.otf */,
				4C3273CE20E40ABF008A0F0E /* Roboto-Black.ttf */,
				4C3273D020E40ABF008A0F0E /* Roboto-BlackItalic.ttf */,
				4C3273CC20E40ABF008A0F0E /* Roboto-Bold.ttf */,
				4C3273D420E40ABF008A0F0E /* Roboto-BoldItalic.ttf */,
				4C3273CD20E40ABF008A0F0E /* Roboto-Italic.ttf */,
				4C3273D320E40ABF008A0F0E /* Roboto-Light.ttf */,
				4C3273CB20E40ABF008A0F0E /* Roboto-LightItalic.ttf */,
				4C3273D220E40ABF008A0F0E /* Roboto-Medium.ttf */,
				4C3273D120E40ABF008A0F0E /* Roboto-MediumItalic.ttf */,
				4C3273D520E40AC0008A0F0E /* Roboto-Regular.ttf */,
				4C3273D620E40AC0008A0F0E /* Roboto-Thin.ttf */,
				4C3273CF20E40ABF008A0F0E /* Roboto-ThinItalic.ttf */,
			);
			path = Fonts;
			sourceTree = "<group>";
		};
		4C40A87920DAB2DE00962C28 /* ViewModels */ = {
			isa = PBXGroup;
			children = (
				4C40A88320DAB64C00962C28 /* ProductViewModel.swift */,
				4C40A88920DAC32100962C28 /* StoreViewModel.swift */,
			);
			path = ViewModels;
			sourceTree = "<group>";
		};
		4C40A87A20DAB2EC00962C28 /* Models */ = {
			isa = PBXGroup;
			children = (
				4C40A87B20DAB2FF00962C28 /* Store.swift */,
				4C40A87D20DAB30D00962C28 /* Category.swift */,
				4C40A87F20DAB31600962C28 /* Product.swift */,
				4C40A88120DAB32100962C28 /* Notification.swift */,
				4C40A88720DABE8100962C28 /* ResponseList.swift */,
			);
			path = Models;
			sourceTree = "<group>";
		};
		4C7DB4521FC877C1006D0810 /* Views */ = {
			isa = PBXGroup;
			children = (
				4C7DB4531FC877DB006D0810 /* ProductCollectionViewCell.swift */,
				4C97B87A20CD80AC00D681F9 /* CategoryCollectionViewCell.swift */,
				4C7DB4571FC8783C006D0810 /* StoreTableViewCell.swift */,
				4C7DB4551FC8780D006D0810 /* NotificationTableViewCell.swift */,
				4C7DB4631FC8B689006D0810 /* PromotionCollectionViewCell.swift */,
			);
			path = Views;
			sourceTree = "<group>";
		};
		4C7DB45C1FC8889C006D0810 /* MockData */ = {
			isa = PBXGroup;
			children = (
				4C7DB4651FC8B8B4006D0810 /* meditation.jpg */,
				4C7DB4661FC8B8C0006D0810 /* surf.jpg */,
				4C7DB4671FC8B8D6006D0810 /* yoga.jpg */,
				4C7DB4681FC8B8EB006D0810 /* h-m-logo.png */,
				4C7DB4691FC8B8FB006D0810 /* HM.png */,
			);
			path = MockData;
			sourceTree = "<group>";
		};
		4CFA965C1FC9664800A44E6D /* Utils */ = {
			isa = PBXGroup;
			children = (
				4CFA965D1FC9665A00A44E6D /* NotificationManager.swift */,
				4C54532B1FCB086E00A25ED1 /* Extensions.swift */,
				4C45711520DA753800104F35 /* Color.swift */,
				4C45711720DA776700104F35 /* Font.swift */,
				4C45712020DAABDF00104F35 /* APICall.swift */,
				4C3273E320E40C33008A0F0E /* AppearanceManager.swift */,
			);
			path = Utils;
			sourceTree = "<group>";
		};
		BD4EA1296EE9A98E44FFA951 /* Pods */ = {
			isa = PBXGroup;
			children = (
				D6EDE2989D18C31507E8A4AC /* Pods-SmartShopping.debug.xcconfig */,
				B4F8DCAEB994FF77FBC68137 /* Pods-SmartShopping.release.xcconfig */,
				1838CEC624A0CA3B64C0D6CA /* Pods-SmartShoppingTests.debug.xcconfig */,
				42CB0AE000D379EB46DEF199 /* Pods-SmartShoppingTests.release.xcconfig */,
				709497E7287585BCFB7D5DFE /* Pods-SmartShoppingUITests.debug.xcconfig */,
				645BA20D7C2ED0261FE8FB61 /* Pods-SmartShoppingUITests.release.xcconfig */,
			);
			name = Pods;
			sourceTree = "<group>";
		};
		F21D6D8E654663982716C28B /* Frameworks */ = {
			isa = PBXGroup;
			children = (
				5983C33B2F59FC85B3031BA5 /* Pods_SmartShopping.framework */,
				49F441B2DA9E36BDBE3FEA3D /* Pods_SmartShoppingTests.framework */,
				BBD7814CD7881F1D02FB53BC /* Pods_SmartShoppingUITests.framework */,
			);
			name = Frameworks;
			sourceTree = "<group>";
		};
/* End PBXGroup section */

/* Begin PBXNativeTarget section */
		4C0D6A241FC8090400E25DFD /* SmartShopping */ = {
			isa = PBXNativeTarget;
			buildConfigurationList = 4C0D6A4D1FC8090400E25DFD /* Build configuration list for PBXNativeTarget "SmartShopping" */;
			buildPhases = (
				8B59FD14EDA43C9704A108B6 /* [CP] Check Pods Manifest.lock */,
				4C0D6A211FC8090400E25DFD /* Sources */,
				4C0D6A221FC8090400E25DFD /* Frameworks */,
				4C0D6A231FC8090400E25DFD /* Resources */,
				CAE3F5ACDDDC8AAFBCB24A33 /* [CP] Embed Pods Frameworks */,
			);
			buildRules = (
			);
			dependencies = (
			);
			name = SmartShopping;
			productName = SmartShopping;
			productReference = 4C0D6A251FC8090400E25DFD /* SmartShopping.app */;
			productType = "com.apple.product-type.application";
		};
		4C0D6A381FC8090400E25DFD /* SmartShoppingTests */ = {
			isa = PBXNativeTarget;
			buildConfigurationList = 4C0D6A501FC8090400E25DFD /* Build configuration list for PBXNativeTarget "SmartShoppingTests" */;
			buildPhases = (
				D893CF9892A3F267524CE0E3 /* [CP] Check Pods Manifest.lock */,
				4C0D6A351FC8090400E25DFD /* Sources */,
				4C0D6A361FC8090400E25DFD /* Frameworks */,
				4C0D6A371FC8090400E25DFD /* Resources */,
			);
			buildRules = (
			);
			dependencies = (
				4C0D6A3B1FC8090400E25DFD /* PBXTargetDependency */,
			);
			name = SmartShoppingTests;
			productName = SmartShoppingTests;
			productReference = 4C0D6A391FC8090400E25DFD /* SmartShoppingTests.xctest */;
			productType = "com.apple.product-type.bundle.unit-test";
		};
		4C0D6A431FC8090400E25DFD /* SmartShoppingUITests */ = {
			isa = PBXNativeTarget;
			buildConfigurationList = 4C0D6A531FC8090400E25DFD /* Build configuration list for PBXNativeTarget "SmartShoppingUITests" */;
			buildPhases = (
				91497F040AAC6F245FC4A544 /* [CP] Check Pods Manifest.lock */,
				4C0D6A401FC8090400E25DFD /* Sources */,
				4C0D6A411FC8090400E25DFD /* Frameworks */,
				4C0D6A421FC8090400E25DFD /* Resources */,
			);
			buildRules = (
			);
			dependencies = (
				4C0D6A461FC8090400E25DFD /* PBXTargetDependency */,
			);
			name = SmartShoppingUITests;
			productName = SmartShoppingUITests;
			productReference = 4C0D6A441FC8090400E25DFD /* SmartShoppingUITests.xctest */;
			productType = "com.apple.product-type.bundle.ui-testing";
		};
/* End PBXNativeTarget section */

/* Begin PBXProject section */
		4C0D6A1D1FC8090300E25DFD /* Project object */ = {
			isa = PBXProject;
			attributes = {
				LastSwiftUpdateCheck = 0900;
				LastUpgradeCheck = 0940;
				ORGANIZATIONNAME = "Ngoc LE";
				TargetAttributes = {
					4C0D6A241FC8090400E25DFD = {
						CreatedOnToolsVersion = 9.0;
						ProvisioningStyle = Automatic;
					};
					4C0D6A381FC8090400E25DFD = {
						CreatedOnToolsVersion = 9.0;
						ProvisioningStyle = Automatic;
						TestTargetID = 4C0D6A241FC8090400E25DFD;
					};
					4C0D6A431FC8090400E25DFD = {
						CreatedOnToolsVersion = 9.0;
						ProvisioningStyle = Automatic;
						TestTargetID = 4C0D6A241FC8090400E25DFD;
					};
				};
			};
			buildConfigurationList = 4C0D6A201FC8090300E25DFD /* Build configuration list for PBXProject "SmartShopping" */;
			compatibilityVersion = "Xcode 8.0";
			developmentRegion = en;
			hasScannedForEncodings = 0;
			knownRegions = (
				en,
				Base,
			);
			mainGroup = 4C0D6A1C1FC8090300E25DFD;
			productRefGroup = 4C0D6A261FC8090400E25DFD /* Products */;
			projectDirPath = "";
			projectRoot = "";
			targets = (
				4C0D6A241FC8090400E25DFD /* SmartShopping */,
				4C0D6A381FC8090400E25DFD /* SmartShoppingTests */,
				4C0D6A431FC8090400E25DFD /* SmartShoppingUITests */,
			);
		};
/* End PBXProject section */

/* Begin PBXResourcesBuildPhase section */
		4C0D6A231FC8090400E25DFD /* Resources */ = {
			isa = PBXResourcesBuildPhase;
			buildActionMask = 2147483647;
			files = (
				4C3273E020E40AC0008A0F0E /* Roboto-BoldItalic.ttf in Resources */,
				4C3273DE20E40AC0008A0F0E /* Roboto-Medium.ttf in Resources */,
				4C0D6A331FC8090400E25DFD /* LaunchScreen.storyboard in Resources */,
				4C3273DD20E40AC0008A0F0E /* Roboto-MediumItalic.ttf in Resources */,
				4C7DB46C1FC8BA62006D0810 /* yoga.jpg in Resources */,
				4C3273D820E40AC0008A0F0E /* Roboto-Bold.ttf in Resources */,
				4C3273DC20E40AC0008A0F0E /* Roboto-BlackItalic.ttf in Resources */,
				4C7DB46B1FC8BA62006D0810 /* surf.jpg in Resources */,
				4C3273E220E40AC0008A0F0E /* Roboto-Thin.ttf in Resources */,
				4C0D6A301FC8090400E25DFD /* Assets.xcassets in Resources */,
				4C0D6A2E1FC8090400E25DFD /* Main.storyboard in Resources */,
				4C3273D720E40AC0008A0F0E /* Roboto-LightItalic.ttf in Resources */,
				4C7DB46A1FC8BA62006D0810 /* meditation.jpg in Resources */,
				4C7DB46E1FC8BA62006D0810 /* HM.png in Resources */,
				4C3273DF20E40AC0008A0F0E /* Roboto-Light.ttf in Resources */,
				4C3273D920E40AC0008A0F0E /* Roboto-Italic.ttf in Resources */,
				4C3273E120E40AC0008A0F0E /* Roboto-Regular.ttf in Resources */,
				4C3273E620E42807008A0F0E /* FontAwesomeSolid.otf in Resources */,
				4C7DB46D1FC8BA62006D0810 /* h-m-logo.png in Resources */,
				4C3273DA20E40AC0008A0F0E /* Roboto-Black.ttf in Resources */,
				4C3273DB20E40AC0008A0F0E /* Roboto-ThinItalic.ttf in Resources */,
			);
			runOnlyForDeploymentPostprocessing = 0;
		};
		4C0D6A371FC8090400E25DFD /* Resources */ = {
			isa = PBXResourcesBuildPhase;
			buildActionMask = 2147483647;
			files = (
			);
			runOnlyForDeploymentPostprocessing = 0;
		};
		4C0D6A421FC8090400E25DFD /* Resources */ = {
			isa = PBXResourcesBuildPhase;
			buildActionMask = 2147483647;
			files = (
			);
			runOnlyForDeploymentPostprocessing = 0;
		};
/* End PBXResourcesBuildPhase section */

/* Begin PBXShellScriptBuildPhase section */
		8B59FD14EDA43C9704A108B6 /* [CP] Check Pods Manifest.lock */ = {
			isa = PBXShellScriptBuildPhase;
			buildActionMask = 2147483647;
			files = (
			);
			inputPaths = (
				"${PODS_PODFILE_DIR_PATH}/Podfile.lock",
				"${PODS_ROOT}/Manifest.lock",
			);
			name = "[CP] Check Pods Manifest.lock";
			outputPaths = (
				"$(DERIVED_FILE_DIR)/Pods-SmartShopping-checkManifestLockResult.txt",
			);
			runOnlyForDeploymentPostprocessing = 0;
			shellPath = /bin/sh;
			shellScript = "diff \"${PODS_PODFILE_DIR_PATH}/Podfile.lock\" \"${PODS_ROOT}/Manifest.lock\" > /dev/null\nif [ $? != 0 ] ; then\n    # print error to STDERR\n    echo \"error: The sandbox is not in sync with the Podfile.lock. Run 'pod install' or update your CocoaPods installation.\" >&2\n    exit 1\nfi\n# This output is used by Xcode 'outputs' to avoid re-running this script phase.\necho \"SUCCESS\" > \"${SCRIPT_OUTPUT_FILE_0}\"\n";
			showEnvVarsInLog = 0;
		};
		91497F040AAC6F245FC4A544 /* [CP] Check Pods Manifest.lock */ = {
			isa = PBXShellScriptBuildPhase;
			buildActionMask = 2147483647;
			files = (
			);
			inputPaths = (
				"${PODS_PODFILE_DIR_PATH}/Podfile.lock",
				"${PODS_ROOT}/Manifest.lock",
			);
			name = "[CP] Check Pods Manifest.lock";
			outputPaths = (
				"$(DERIVED_FILE_DIR)/Pods-SmartShoppingUITests-checkManifestLockResult.txt",
			);
			runOnlyForDeploymentPostprocessing = 0;
			shellPath = /bin/sh;
			shellScript = "diff \"${PODS_PODFILE_DIR_PATH}/Podfile.lock\" \"${PODS_ROOT}/Manifest.lock\" > /dev/null\nif [ $? != 0 ] ; then\n    # print error to STDERR\n    echo \"error: The sandbox is not in sync with the Podfile.lock. Run 'pod install' or update your CocoaPods installation.\" >&2\n    exit 1\nfi\n# This output is used by Xcode 'outputs' to avoid re-running this script phase.\necho \"SUCCESS\" > \"${SCRIPT_OUTPUT_FILE_0}\"\n";
			showEnvVarsInLog = 0;
		};
		CAE3F5ACDDDC8AAFBCB24A33 /* [CP] Embed Pods Frameworks */ = {
			isa = PBXShellScriptBuildPhase;
			buildActionMask = 2147483647;
			files = (
			);
			inputPaths = (
				"${SRCROOT}/Pods/Target Support Files/Pods-SmartShopping/Pods-SmartShopping-frameworks.sh",
				"${BUILT_PRODUCTS_DIR}/Alamofire/Alamofire.framework",
				"${BUILT_PRODUCTS_DIR}/AlamofireImage/AlamofireImage.framework",
				"${BUILT_PRODUCTS_DIR}/AlamofireObjectMapper/AlamofireObjectMapper.framework",
				"${BUILT_PRODUCTS_DIR}/ObjectMapper/ObjectMapper.framework",
				"${BUILT_PRODUCTS_DIR}/SwiftyBeaver/SwiftyBeaver.framework",
			);
			name = "[CP] Embed Pods Frameworks";
			outputPaths = (
				"${TARGET_BUILD_DIR}/${FRAMEWORKS_FOLDER_PATH}/Alamofire.framework",
				"${TARGET_BUILD_DIR}/${FRAMEWORKS_FOLDER_PATH}/AlamofireImage.framework",
				"${TARGET_BUILD_DIR}/${FRAMEWORKS_FOLDER_PATH}/AlamofireObjectMapper.framework",
				"${TARGET_BUILD_DIR}/${FRAMEWORKS_FOLDER_PATH}/ObjectMapper.framework",
				"${TARGET_BUILD_DIR}/${FRAMEWORKS_FOLDER_PATH}/SwiftyBeaver.framework",
			);
			runOnlyForDeploymentPostprocessing = 0;
			shellPath = /bin/sh;
			shellScript = "\"${SRCROOT}/Pods/Target Support Files/Pods-SmartShopping/Pods-SmartShopping-frameworks.sh\"\n";
			showEnvVarsInLog = 0;
		};
		D893CF9892A3F267524CE0E3 /* [CP] Check Pods Manifest.lock */ = {
			isa = PBXShellScriptBuildPhase;
			buildActionMask = 2147483647;
			files = (
			);
			inputPaths = (
				"${PODS_PODFILE_DIR_PATH}/Podfile.lock",
				"${PODS_ROOT}/Manifest.lock",
			);
			name = "[CP] Check Pods Manifest.lock";
			outputPaths = (
				"$(DERIVED_FILE_DIR)/Pods-SmartShoppingTests-checkManifestLockResult.txt",
			);
			runOnlyForDeploymentPostprocessing = 0;
			shellPath = /bin/sh;
			shellScript = "diff \"${PODS_PODFILE_DIR_PATH}/Podfile.lock\" \"${PODS_ROOT}/Manifest.lock\" > /dev/null\nif [ $? != 0 ] ; then\n    # print error to STDERR\n    echo \"error: The sandbox is not in sync with the Podfile.lock. Run 'pod install' or update your CocoaPods installation.\" >&2\n    exit 1\nfi\n# This output is used by Xcode 'outputs' to avoid re-running this script phase.\necho \"SUCCESS\" > \"${SCRIPT_OUTPUT_FILE_0}\"\n";
			showEnvVarsInLog = 0;
		};
/* End PBXShellScriptBuildPhase section */

/* Begin PBXSourcesBuildPhase section */
		4C0D6A211FC8090400E25DFD /* Sources */ = {
			isa = PBXSourcesBuildPhase;
			buildActionMask = 2147483647;
			files = (
				4C40A88420DAB64C00962C28 /* ProductViewModel.swift in Sources */,
				4C7DB4561FC8780D006D0810 /* NotificationTableViewCell.swift in Sources */,
				4C97B87B20CD80AC00D681F9 /* CategoryCollectionViewCell.swift in Sources */,
				4C0D6A5B1FC8112700E25DFD /* NotificationViewController.swift in Sources */,
				4C0D6A571FC809B200E25DFD /* LoginViewController.swift in Sources */,
				4C7DB4581FC8783C006D0810 /* StoreTableViewCell.swift in Sources */,
				4C97B87920CD804400D681F9 /* StoreProductViewController.swift in Sources */,
				4CFA965E1FC9665A00A44E6D /* NotificationManager.swift in Sources */,
				4C40A88A20DAC32100962C28 /* StoreViewModel.swift in Sources */,
				4C40A88820DABE8100962C28 /* ResponseList.swift in Sources */,
				4C45712120DAABDF00104F35 /* APICall.swift in Sources */,
				4C3273E420E40C33008A0F0E /* AppearanceManager.swift in Sources */,
				4C40A88220DAB32100962C28 /* Notification.swift in Sources */,
				4C97B87720CD803500D681F9 /* StoreCategoryViewController.swift in Sources */,
				4C0D6A591FC809D000E25DFD /* BaseViewController.swift in Sources */,
				4C0D6A2B1FC8090400E25DFD /* StoreViewController.swift in Sources */,
				4C40A87E20DAB30D00962C28 /* Category.swift in Sources */,
				4C54532C1FCB086E00A25ED1 /* Extensions.swift in Sources */,
				4C0D6A291FC8090400E25DFD /* AppDelegate.swift in Sources */,
				4C45711820DA776700104F35 /* Font.swift in Sources */,
				4C40A87C20DAB2FF00962C28 /* Store.swift in Sources */,
				4C7DB4621FC8B25F006D0810 /* PromotionViewController.swift in Sources */,
				4C45711620DA753800104F35 /* Color.swift in Sources */,
				4C7DB4641FC8B689006D0810 /* PromotionCollectionViewCell.swift in Sources */,
				4C7DB4541FC877DB006D0810 /* ProductCollectionViewCell.swift in Sources */,
				4C40A88020DAB31600962C28 /* Product.swift in Sources */,
			);
			runOnlyForDeploymentPostprocessing = 0;
		};
		4C0D6A351FC8090400E25DFD /* Sources */ = {
			isa = PBXSourcesBuildPhase;
			buildActionMask = 2147483647;
			files = (
				4C0D6A3E1FC8090400E25DFD /* SmartShoppingTests.swift in Sources */,
			);
			runOnlyForDeploymentPostprocessing = 0;
		};
		4C0D6A401FC8090400E25DFD /* Sources */ = {
			isa = PBXSourcesBuildPhase;
			buildActionMask = 2147483647;
			files = (
				4C0D6A491FC8090400E25DFD /* SmartShoppingUITests.swift in Sources */,
			);
			runOnlyForDeploymentPostprocessing = 0;
		};
/* End PBXSourcesBuildPhase section */

/* Begin PBXTargetDependency section */
		4C0D6A3B1FC8090400E25DFD /* PBXTargetDependency */ = {
			isa = PBXTargetDependency;
			target = 4C0D6A241FC8090400E25DFD /* SmartShopping */;
			targetProxy = 4C0D6A3A1FC8090400E25DFD /* PBXContainerItemProxy */;
		};
		4C0D6A461FC8090400E25DFD /* PBXTargetDependency */ = {
			isa = PBXTargetDependency;
			target = 4C0D6A241FC8090400E25DFD /* SmartShopping */;
			targetProxy = 4C0D6A451FC8090400E25DFD /* PBXContainerItemProxy */;
		};
/* End PBXTargetDependency section */

/* Begin PBXVariantGroup section */
		4C0D6A2C1FC8090400E25DFD /* Main.storyboard */ = {
			isa = PBXVariantGroup;
			children = (
				4C0D6A2D1FC8090400E25DFD /* Base */,
			);
			name = Main.storyboard;
			sourceTree = "<group>";
		};
		4C0D6A311FC8090400E25DFD /* LaunchScreen.storyboard */ = {
			isa = PBXVariantGroup;
			children = (
				4C0D6A321FC8090400E25DFD /* Base */,
			);
			name = LaunchScreen.storyboard;
			sourceTree = "<group>";
		};
/* End PBXVariantGroup section */

/* Begin XCBuildConfiguration section */
		4C0D6A4B1FC8090400E25DFD /* Debug */ = {
			isa = XCBuildConfiguration;
			buildSettings = {
				ALWAYS_SEARCH_USER_PATHS = NO;
				CLANG_ANALYZER_NONNULL = YES;
				CLANG_ANALYZER_NUMBER_OBJECT_CONVERSION = YES_AGGRESSIVE;
				CLANG_CXX_LANGUAGE_STANDARD = "gnu++14";
				CLANG_CXX_LIBRARY = "libc++";
				CLANG_ENABLE_MODULES = YES;
				CLANG_ENABLE_OBJC_ARC = YES;
				CLANG_WARN_BLOCK_CAPTURE_AUTORELEASING = YES;
				CLANG_WARN_BOOL_CONVERSION = YES;
				CLANG_WARN_COMMA = YES;
				CLANG_WARN_CONSTANT_CONVERSION = YES;
				CLANG_WARN_DEPRECATED_OBJC_IMPLEMENTATIONS = YES;
				CLANG_WARN_DIRECT_OBJC_ISA_USAGE = YES_ERROR;
				CLANG_WARN_DOCUMENTATION_COMMENTS = YES;
				CLANG_WARN_EMPTY_BODY = YES;
				CLANG_WARN_ENUM_CONVERSION = YES;
				CLANG_WARN_INFINITE_RECURSION = YES;
				CLANG_WARN_INT_CONVERSION = YES;
				CLANG_WARN_NON_LITERAL_NULL_CONVERSION = YES;
				CLANG_WARN_OBJC_IMPLICIT_RETAIN_SELF = YES;
				CLANG_WARN_OBJC_LITERAL_CONVERSION = YES;
				CLANG_WARN_OBJC_ROOT_CLASS = YES_ERROR;
				CLANG_WARN_RANGE_LOOP_ANALYSIS = YES;
				CLANG_WARN_STRICT_PROTOTYPES = YES;
				CLANG_WARN_SUSPICIOUS_MOVE = YES;
				CLANG_WARN_UNGUARDED_AVAILABILITY = YES_AGGRESSIVE;
				CLANG_WARN_UNREACHABLE_CODE = YES;
				CLANG_WARN__DUPLICATE_METHOD_MATCH = YES;
				CODE_SIGN_IDENTITY = "iPhone Developer";
				COPY_PHASE_STRIP = NO;
				DEBUG_INFORMATION_FORMAT = dwarf;
				ENABLE_STRICT_OBJC_MSGSEND = YES;
				ENABLE_TESTABILITY = YES;
				GCC_C_LANGUAGE_STANDARD = gnu11;
				GCC_DYNAMIC_NO_PIC = NO;
				GCC_NO_COMMON_BLOCKS = YES;
				GCC_OPTIMIZATION_LEVEL = 0;
				GCC_PREPROCESSOR_DEFINITIONS = (
					"DEBUG=1",
					"$(inherited)",
				);
				GCC_WARN_64_TO_32_BIT_CONVERSION = YES;
				GCC_WARN_ABOUT_RETURN_TYPE = YES_ERROR;
				GCC_WARN_UNDECLARED_SELECTOR = YES;
				GCC_WARN_UNINITIALIZED_AUTOS = YES_AGGRESSIVE;
				GCC_WARN_UNUSED_FUNCTION = YES;
				GCC_WARN_UNUSED_VARIABLE = YES;
				IPHONEOS_DEPLOYMENT_TARGET = 11.0;
				MTL_ENABLE_DEBUG_INFO = YES;
				ONLY_ACTIVE_ARCH = YES;
				SDKROOT = iphoneos;
				SWIFT_ACTIVE_COMPILATION_CONDITIONS = DEBUG;
				SWIFT_OPTIMIZATION_LEVEL = "-Onone";
			};
			name = Debug;
		};
		4C0D6A4C1FC8090400E25DFD /* Release */ = {
			isa = XCBuildConfiguration;
			buildSettings = {
				ALWAYS_SEARCH_USER_PATHS = NO;
				CLANG_ANALYZER_NONNULL = YES;
				CLANG_ANALYZER_NUMBER_OBJECT_CONVERSION = YES_AGGRESSIVE;
				CLANG_CXX_LANGUAGE_STANDARD = "gnu++14";
				CLANG_CXX_LIBRARY = "libc++";
				CLANG_ENABLE_MODULES = YES;
				CLANG_ENABLE_OBJC_ARC = YES;
				CLANG_WARN_BLOCK_CAPTURE_AUTORELEASING = YES;
				CLANG_WARN_BOOL_CONVERSION = YES;
				CLANG_WARN_COMMA = YES;
				CLANG_WARN_CONSTANT_CONVERSION = YES;
				CLANG_WARN_DEPRECATED_OBJC_IMPLEMENTATIONS = YES;
				CLANG_WARN_DIRECT_OBJC_ISA_USAGE = YES_ERROR;
				CLANG_WARN_DOCUMENTATION_COMMENTS = YES;
				CLANG_WARN_EMPTY_BODY = YES;
				CLANG_WARN_ENUM_CONVERSION = YES;
				CLANG_WARN_INFINITE_RECURSION = YES;
				CLANG_WARN_INT_CONVERSION = YES;
				CLANG_WARN_NON_LITERAL_NULL_CONVERSION = YES;
				CLANG_WARN_OBJC_IMPLICIT_RETAIN_SELF = YES;
				CLANG_WARN_OBJC_LITERAL_CONVERSION = YES;
				CLANG_WARN_OBJC_ROOT_CLASS = YES_ERROR;
				CLANG_WARN_RANGE_LOOP_ANALYSIS = YES;
				CLANG_WARN_STRICT_PROTOTYPES = YES;
				CLANG_WARN_SUSPICIOUS_MOVE = YES;
				CLANG_WARN_UNGUARDED_AVAILABILITY = YES_AGGRESSIVE;
				CLANG_WARN_UNREACHABLE_CODE = YES;
				CLANG_WARN__DUPLICATE_METHOD_MATCH = YES;
				CODE_SIGN_IDENTITY = "iPhone Developer";
				COPY_PHASE_STRIP = NO;
				DEBUG_INFORMATION_FORMAT = "dwarf-with-dsym";
				ENABLE_NS_ASSERTIONS = NO;
				ENABLE_STRICT_OBJC_MSGSEND = YES;
				GCC_C_LANGUAGE_STANDARD = gnu11;
				GCC_NO_COMMON_BLOCKS = YES;
				GCC_WARN_64_TO_32_BIT_CONVERSION = YES;
				GCC_WARN_ABOUT_RETURN_TYPE = YES_ERROR;
				GCC_WARN_UNDECLARED_SELECTOR = YES;
				GCC_WARN_UNINITIALIZED_AUTOS = YES_AGGRESSIVE;
				GCC_WARN_UNUSED_FUNCTION = YES;
				GCC_WARN_UNUSED_VARIABLE = YES;
				IPHONEOS_DEPLOYMENT_TARGET = 11.0;
				MTL_ENABLE_DEBUG_INFO = NO;
				SDKROOT = iphoneos;
				SWIFT_OPTIMIZATION_LEVEL = "-Owholemodule";
				VALIDATE_PRODUCT = YES;
			};
			name = Release;
		};
		4C0D6A4E1FC8090400E25DFD /* Debug */ = {
			isa = XCBuildConfiguration;
			baseConfigurationReference = D6EDE2989D18C31507E8A4AC /* Pods-SmartShopping.debug.xcconfig */;
			buildSettings = {
				ASSETCATALOG_COMPILER_APPICON_NAME = AppIcon;
				CODE_SIGN_IDENTITY = "iPhone Developer";
				CODE_SIGN_STYLE = Automatic;
				DEVELOPMENT_TEAM = DVKPWWHTCM;
				INFOPLIST_FILE = SmartShopping/Info.plist;
				IPHONEOS_DEPLOYMENT_TARGET = 10.0;
				LD_RUNPATH_SEARCH_PATHS = "$(inherited) @executable_path/Frameworks";
				PRODUCT_BUNDLE_IDENTIFIER = life.coder.SSApp;
				PRODUCT_NAME = "$(TARGET_NAME)";
				SWIFT_OBJC_BRIDGING_HEADER = "${PROJECT_NAME}/ObjCBridge.h";
				SWIFT_VERSION = 4.0;
				TARGETED_DEVICE_FAMILY = 1;
			};
			name = Debug;
		};
		4C0D6A4F1FC8090400E25DFD /* Release */ = {
			isa = XCBuildConfiguration;
			baseConfigurationReference = B4F8DCAEB994FF77FBC68137 /* Pods-SmartShopping.release.xcconfig */;
			buildSettings = {
				ASSETCATALOG_COMPILER_APPICON_NAME = AppIcon;
				CODE_SIGN_IDENTITY = "iPhone Developer";
				CODE_SIGN_STYLE = Automatic;
				DEVELOPMENT_TEAM = DVKPWWHTCM;
				INFOPLIST_FILE = SmartShopping/Info.plist;
				IPHONEOS_DEPLOYMENT_TARGET = 10.0;
				LD_RUNPATH_SEARCH_PATHS = "$(inherited) @executable_path/Frameworks";
				PRODUCT_BUNDLE_IDENTIFIER = life.coder.SSApp;
				PRODUCT_NAME = "$(TARGET_NAME)";
				SWIFT_OBJC_BRIDGING_HEADER = "${PROJECT_NAME}/ObjCBridge.h";
				SWIFT_VERSION = 4.0;
				TARGETED_DEVICE_FAMILY = 1;
			};
			name = Release;
		};
		4C0D6A511FC8090400E25DFD /* Debug */ = {
			isa = XCBuildConfiguration;
			baseConfigurationReference = 1838CEC624A0CA3B64C0D6CA /* Pods-SmartShoppingTests.debug.xcconfig */;
			buildSettings = {
				ALWAYS_EMBED_SWIFT_STANDARD_LIBRARIES = YES;
				BUNDLE_LOADER = "$(TEST_HOST)";
				CODE_SIGN_STYLE = Automatic;
				INFOPLIST_FILE = SmartShoppingTests/Info.plist;
				LD_RUNPATH_SEARCH_PATHS = "$(inherited) @executable_path/Frameworks @loader_path/Frameworks";
				PRODUCT_BUNDLE_IDENTIFIER = life.coder.SmartShoppingTests;
				PRODUCT_NAME = "$(TARGET_NAME)";
				SWIFT_VERSION = 4.0;
				TARGETED_DEVICE_FAMILY = "1,2";
				TEST_HOST = "$(BUILT_PRODUCTS_DIR)/SmartShopping.app/SmartShopping";
			};
			name = Debug;
		};
		4C0D6A521FC8090400E25DFD /* Release */ = {
			isa = XCBuildConfiguration;
			baseConfigurationReference = 42CB0AE000D379EB46DEF199 /* Pods-SmartShoppingTests.release.xcconfig */;
			buildSettings = {
				ALWAYS_EMBED_SWIFT_STANDARD_LIBRARIES = YES;
				BUNDLE_LOADER = "$(TEST_HOST)";
				CODE_SIGN_STYLE = Automatic;
				INFOPLIST_FILE = SmartShoppingTests/Info.plist;
				LD_RUNPATH_SEARCH_PATHS = "$(inherited) @executable_path/Frameworks @loader_path/Frameworks";
				PRODUCT_BUNDLE_IDENTIFIER = life.coder.SmartShoppingTests;
				PRODUCT_NAME = "$(TARGET_NAME)";
				SWIFT_VERSION = 4.0;
				TARGETED_DEVICE_FAMILY = "1,2";
				TEST_HOST = "$(BUILT_PRODUCTS_DIR)/SmartShopping.app/SmartShopping";
			};
			name = Release;
		};
		4C0D6A541FC8090400E25DFD /* Debug */ = {
			isa = XCBuildConfiguration;
			baseConfigurationReference = 709497E7287585BCFB7D5DFE /* Pods-SmartShoppingUITests.debug.xcconfig */;
			buildSettings = {
				ALWAYS_EMBED_SWIFT_STANDARD_LIBRARIES = YES;
				CODE_SIGN_STYLE = Automatic;
				INFOPLIST_FILE = SmartShoppingUITests/Info.plist;
				LD_RUNPATH_SEARCH_PATHS = "$(inherited) @executable_path/Frameworks @loader_path/Frameworks";
				PRODUCT_BUNDLE_IDENTIFIER = life.coder.SmartShoppingUITests;
				PRODUCT_NAME = "$(TARGET_NAME)";
				SWIFT_VERSION = 4.0;
				TARGETED_DEVICE_FAMILY = "1,2";
				TEST_TARGET_NAME = SmartShopping;
			};
			name = Debug;
		};
		4C0D6A551FC8090400E25DFD /* Release */ = {
			isa = XCBuildConfiguration;
			baseConfigurationReference = 645BA20D7C2ED0261FE8FB61 /* Pods-SmartShoppingUITests.release.xcconfig */;
			buildSettings = {
				ALWAYS_EMBED_SWIFT_STANDARD_LIBRARIES = YES;
				CODE_SIGN_STYLE = Automatic;
				INFOPLIST_FILE = SmartShoppingUITests/Info.plist;
				LD_RUNPATH_SEARCH_PATHS = "$(inherited) @executable_path/Frameworks @loader_path/Frameworks";
				PRODUCT_BUNDLE_IDENTIFIER = life.coder.SmartShoppingUITests;
				PRODUCT_NAME = "$(TARGET_NAME)";
				SWIFT_VERSION = 4.0;
				TARGETED_DEVICE_FAMILY = "1,2";
				TEST_TARGET_NAME = SmartShopping;
			};
			name = Release;
		};
/* End XCBuildConfiguration section */

/* Begin XCConfigurationList section */
		4C0D6A201FC8090300E25DFD /* Build configuration list for PBXProject "SmartShopping" */ = {
			isa = XCConfigurationList;
			buildConfigurations = (
				4C0D6A4B1FC8090400E25DFD /* Debug */,
				4C0D6A4C1FC8090400E25DFD /* Release */,
			);
			defaultConfigurationIsVisible = 0;
			defaultConfigurationName = Release;
		};
		4C0D6A4D1FC8090400E25DFD /* Build configuration list for PBXNativeTarget "SmartShopping" */ = {
			isa = XCConfigurationList;
			buildConfigurations = (
				4C0D6A4E1FC8090400E25DFD /* Debug */,
				4C0D6A4F1FC8090400E25DFD /* Release */,
			);
			defaultConfigurationIsVisible = 0;
			defaultConfigurationName = Release;
		};
		4C0D6A501FC8090400E25DFD /* Build configuration list for PBXNativeTarget "SmartShoppingTests" */ = {
			isa = XCConfigurationList;
			buildConfigurations = (
				4C0D6A511FC8090400E25DFD /* Debug */,
				4C0D6A521FC8090400E25DFD /* Release */,
			);
			defaultConfigurationIsVisible = 0;
			defaultConfigurationName = Release;
		};
		4C0D6A531FC8090400E25DFD /* Build configuration list for PBXNativeTarget "SmartShoppingUITests" */ = {
			isa = XCConfigurationList;
			buildConfigurations = (
				4C0D6A541FC8090400E25DFD /* Debug */,
				4C0D6A551FC8090400E25DFD /* Release */,
			);
			defaultConfigurationIsVisible = 0;
			defaultConfigurationName = Release;
		};
/* End XCConfigurationList section */
	};
	rootObject = 4C0D6A1D1FC8090300E25DFD /* Project object */;
}
