// !$*UTF8*$!
{
	archiveVersion = 1;
	classes = {
	};
	objectVersion = 48;
	objects = {

/* Begin PBXBuildFile section */
		4C0D6A291FC8090400E25DFD /* AppDelegate.swift in Sources */ = {isa = PBXBuildFile; fileRef = 4C0D6A281FC8090400E25DFD /* AppDelegate.swift */; };
		4C0D6A2B1FC8090400E25DFD /* MainViewController.swift in Sources */ = {isa = PBXBuildFile; fileRef = 4C0D6A2A1FC8090400E25DFD /* MainViewController.swift */; };
		4C0D6A2E1FC8090400E25DFD /* Main.storyboard in Resources */ = {isa = PBXBuildFile; fileRef = 4C0D6A2C1FC8090400E25DFD /* Main.storyboard */; };
		4C0D6A301FC8090400E25DFD /* Assets.xcassets in Resources */ = {isa = PBXBuildFile; fileRef = 4C0D6A2F1FC8090400E25DFD /* Assets.xcassets */; };
		4C0D6A331FC8090400E25DFD /* LaunchScreen.storyboard in Resources */ = {isa = PBXBuildFile; fileRef = 4C0D6A311FC8090400E25DFD /* LaunchScreen.storyboard */; };
		4C0D6A3E1FC8090400E25DFD /* SmartShoppingTests.swift in Sources */ = {isa = PBXBuildFile; fileRef = 4C0D6A3D1FC8090400E25DFD /* SmartShoppingTests.swift */; };
		4C0D6A491FC8090400E25DFD /* SmartShoppingUITests.swift in Sources */ = {isa = PBXBuildFile; fileRef = 4C0D6A481FC8090400E25DFD /* SmartShoppingUITests.swift */; };
		4C0D6A571FC809B200E25DFD /* LoginViewController.swift in Sources */ = {isa = PBXBuildFile; fileRef = 4C0D6A561FC809B200E25DFD /* LoginViewController.swift */; };
		4C0D6A591FC809D000E25DFD /* BaseViewController.swift in Sources */ = {isa = PBXBuildFile; fileRef = 4C0D6A581FC809D000E25DFD /* BaseViewController.swift */; };
		4C0D6A5B1FC8112700E25DFD /* NotificationViewController.swift in Sources */ = {isa = PBXBuildFile; fileRef = 4C0D6A5A1FC8112700E25DFD /* NotificationViewController.swift */; };
		4C7DB4541FC877DB006D0810 /* ProductTableViewCell.swift in Sources */ = {isa = PBXBuildFile; fileRef = 4C7DB4531FC877DB006D0810 /* ProductTableViewCell.swift */; };
		4C7DB4561FC8780D006D0810 /* NotificationTableViewCell.swift in Sources */ = {isa = PBXBuildFile; fileRef = 4C7DB4551FC8780D006D0810 /* NotificationTableViewCell.swift */; };
		4C7DB4581FC8783C006D0810 /* StoreTableViewCell.swift in Sources */ = {isa = PBXBuildFile; fileRef = 4C7DB4571FC8783C006D0810 /* StoreTableViewCell.swift */; };
		5BD03FC63044812AACFB1DDB /* Pods_SmartShoppingTests.framework in Frameworks */ = {isa = PBXBuildFile; fileRef = 91DDBBD8D29192BB0563BA4D /* Pods_SmartShoppingTests.framework */; };
		E1C4A89AA3BB273EE4B67B7D /* Pods_SmartShoppingUITests.framework in Frameworks */ = {isa = PBXBuildFile; fileRef = F6817B9EFF177E91C39A4D65 /* Pods_SmartShoppingUITests.framework */; };
		E45D0CADE985290602192B78 /* Pods_SmartShopping.framework in Frameworks */ = {isa = PBXBuildFile; fileRef = 03C3191BE79793D3329E3279 /* Pods_SmartShopping.framework */; };
/* End PBXBuildFile section */

/* Begin PBXContainerItemProxy section */
		4C0D6A3A1FC8090400E25DFD /* PBXContainerItemProxy */ = {
			isa = PBXContainerItemProxy;
			containerPortal = 4C0D6A1D1FC8090300E25DFD /* Project object */;
			proxyType = 1;
			remoteGlobalIDString = 4C0D6A241FC8090400E25DFD;
			remoteInfo = SmartShopping;
		};
		4C0D6A451FC8090400E25DFD /* PBXContainerItemProxy */ = {
			isa = PBXContainerItemProxy;
			containerPortal = 4C0D6A1D1FC8090300E25DFD /* Project object */;
			proxyType = 1;
			remoteGlobalIDString = 4C0D6A241FC8090400E25DFD;
			remoteInfo = SmartShopping;
		};
/* End PBXContainerItemProxy section */

/* Begin PBXFileReference section */
		03C3191BE79793D3329E3279 /* Pods_SmartShopping.framework */ = {isa = PBXFileReference; explicitFileType = wrapper.framework; includeInIndex = 0; path = Pods_SmartShopping.framework; sourceTree = BUILT_PRODUCTS_DIR; };
		06329440C27E72BBC238AE7D /* Pods-SmartShoppingUITests.debug.xcconfig */ = {isa = PBXFileReference; includeInIndex = 1; lastKnownFileType = text.xcconfig; name = "Pods-SmartShoppingUITests.debug.xcconfig"; path = "Pods/Target Support Files/Pods-SmartShoppingUITests/Pods-SmartShoppingUITests.debug.xcconfig"; sourceTree = "<group>"; };
		1B5365F9204E4D88B4CD4A82 /* Pods-SmartShopping.release.xcconfig */ = {isa = PBXFileReference; includeInIndex = 1; lastKnownFileType = text.xcconfig; name = "Pods-SmartShopping.release.xcconfig"; path = "Pods/Target Support Files/Pods-SmartShopping/Pods-SmartShopping.release.xcconfig"; sourceTree = "<group>"; };
		338CC2A7FC2EBA0354A564FF /* Pods-SmartShoppingTests.release.xcconfig */ = {isa = PBXFileReference; includeInIndex = 1; lastKnownFileType = text.xcconfig; name = "Pods-SmartShoppingTests.release.xcconfig"; path = "Pods/Target Support Files/Pods-SmartShoppingTests/Pods-SmartShoppingTests.release.xcconfig"; sourceTree = "<group>"; };
		4C0D6A251FC8090400E25DFD /* SmartShopping.app */ = {isa = PBXFileReference; explicitFileType = wrapper.application; includeInIndex = 0; path = SmartShopping.app; sourceTree = BUILT_PRODUCTS_DIR; };
		4C0D6A281FC8090400E25DFD /* AppDelegate.swift */ = {isa = PBXFileReference; lastKnownFileType = sourcecode.swift; path = AppDelegate.swift; sourceTree = "<group>"; };
		4C0D6A2A1FC8090400E25DFD /* MainViewController.swift */ = {isa = PBXFileReference; lastKnownFileType = sourcecode.swift; path = MainViewController.swift; sourceTree = "<group>"; };
		4C0D6A2D1FC8090400E25DFD /* Base */ = {isa = PBXFileReference; lastKnownFileType = file.storyboard; name = Base; path = Base.lproj/Main.storyboard; sourceTree = "<group>"; };
		4C0D6A2F1FC8090400E25DFD /* Assets.xcassets */ = {isa = PBXFileReference; lastKnownFileType = folder.assetcatalog; path = Assets.xcassets; sourceTree = "<group>"; };
		4C0D6A321FC8090400E25DFD /* Base */ = {isa = PBXFileReference; lastKnownFileType = file.storyboard; name = Base; path = Base.lproj/LaunchScreen.storyboard; sourceTree = "<group>"; };
		4C0D6A341FC8090400E25DFD /* Info.plist */ = {isa = PBXFileReference; lastKnownFileType = text.plist.xml; path = Info.plist; sourceTree = "<group>"; };
		4C0D6A391FC8090400E25DFD /* SmartShoppingTests.xctest */ = {isa = PBXFileReference; explicitFileType = wrapper.cfbundle; includeInIndex = 0; path = SmartShoppingTests.xctest; sourceTree = BUILT_PRODUCTS_DIR; };
		4C0D6A3D1FC8090400E25DFD /* SmartShoppingTests.swift */ = {isa = PBXFileReference; lastKnownFileType = sourcecode.swift; path = SmartShoppingTests.swift; sourceTree = "<group>"; };
		4C0D6A3F1FC8090400E25DFD /* Info.plist */ = {isa = PBXFileReference; lastKnownFileType = text.plist.xml; path = Info.plist; sourceTree = "<group>"; };
		4C0D6A441FC8090400E25DFD /* SmartShoppingUITests.xctest */ = {isa = PBXFileReference; explicitFileType = wrapper.cfbundle; includeInIndex = 0; path = SmartShoppingUITests.xctest; sourceTree = BUILT_PRODUCTS_DIR; };
		4C0D6A481FC8090400E25DFD /* SmartShoppingUITests.swift */ = {isa = PBXFileReference; lastKnownFileType = sourcecode.swift; path = SmartShoppingUITests.swift; sourceTree = "<group>"; };
		4C0D6A4A1FC8090400E25DFD /* Info.plist */ = {isa = PBXFileReference; lastKnownFileType = text.plist.xml; path = Info.plist; sourceTree = "<group>"; };
		4C0D6A561FC809B200E25DFD /* LoginViewController.swift */ = {isa = PBXFileReference; lastKnownFileType = sourcecode.swift; path = LoginViewController.swift; sourceTree = "<group>"; };
		4C0D6A581FC809D000E25DFD /* BaseViewController.swift */ = {isa = PBXFileReference; lastKnownFileType = sourcecode.swift; path = BaseViewController.swift; sourceTree = "<group>"; };
		4C0D6A5A1FC8112700E25DFD /* NotificationViewController.swift */ = {isa = PBXFileReference; lastKnownFileType = sourcecode.swift; path = NotificationViewController.swift; sourceTree = "<group>"; };
		4C7DB4531FC877DB006D0810 /* ProductTableViewCell.swift */ = {isa = PBXFileReference; lastKnownFileType = sourcecode.swift; path = ProductTableViewCell.swift; sourceTree = "<group>"; };
		4C7DB4551FC8780D006D0810 /* NotificationTableViewCell.swift */ = {isa = PBXFileReference; lastKnownFileType = sourcecode.swift; path = NotificationTableViewCell.swift; sourceTree = "<group>"; };
		4C7DB4571FC8783C006D0810 /* StoreTableViewCell.swift */ = {isa = PBXFileReference; lastKnownFileType = sourcecode.swift; path = StoreTableViewCell.swift; sourceTree = "<group>"; };
		59EA0C14E7A5AF529292D936 /* Pods-SmartShopping.debug.xcconfig */ = {isa = PBXFileReference; includeInIndex = 1; lastKnownFileType = text.xcconfig; name = "Pods-SmartShopping.debug.xcconfig"; path = "Pods/Target Support Files/Pods-SmartShopping/Pods-SmartShopping.debug.xcconfig"; sourceTree = "<group>"; };
		885C7163FA4819623AFEC939 /* Pods-SmartShoppingTests.debug.xcconfig */ = {isa = PBXFileReference; includeInIndex = 1; lastKnownFileType = text.xcconfig; name = "Pods-SmartShoppingTests.debug.xcconfig"; path = "Pods/Target Support Files/Pods-SmartShoppingTests/Pods-SmartShoppingTests.debug.xcconfig"; sourceTree = "<group>"; };
		91DDBBD8D29192BB0563BA4D /* Pods_SmartShoppingTests.framework */ = {isa = PBXFileReference; explicitFileType = wrapper.framework; includeInIndex = 0; path = Pods_SmartShoppingTests.framework; sourceTree = BUILT_PRODUCTS_DIR; };
		A0FE6806794AA079986B79A0 /* Pods-SmartShoppingUITests.release.xcconfig */ = {isa = PBXFileReference; includeInIndex = 1; lastKnownFileType = text.xcconfig; name = "Pods-SmartShoppingUITests.release.xcconfig"; path = "Pods/Target Support Files/Pods-SmartShoppingUITests/Pods-SmartShoppingUITests.release.xcconfig"; sourceTree = "<group>"; };
		F6817B9EFF177E91C39A4D65 /* Pods_SmartShoppingUITests.framework */ = {isa = PBXFileReference; explicitFileType = wrapper.framework; includeInIndex = 0; path = Pods_SmartShoppingUITests.framework; sourceTree = BUILT_PRODUCTS_DIR; };
/* End PBXFileReference section */

/* Begin PBXFrameworksBuildPhase section */
		4C0D6A221FC8090400E25DFD /* Frameworks */ = {
			isa = PBXFrameworksBuildPhase;
			buildActionMask = 2147483647;
			files = (
				E45D0CADE985290602192B78 /* Pods_SmartShopping.framework in Frameworks */,
			);
			runOnlyForDeploymentPostprocessing = 0;
		};
		4C0D6A361FC8090400E25DFD /* Frameworks */ = {
			isa = PBXFrameworksBuildPhase;
			buildActionMask = 2147483647;
			files = (
				5BD03FC63044812AACFB1DDB /* Pods_SmartShoppingTests.framework in Frameworks */,
			);
			runOnlyForDeploymentPostprocessing = 0;
		};
		4C0D6A411FC8090400E25DFD /* Frameworks */ = {
			isa = PBXFrameworksBuildPhase;
			buildActionMask = 2147483647;
			files = (
				E1C4A89AA3BB273EE4B67B7D /* Pods_SmartShoppingUITests.framework in Frameworks */,
			);
			runOnlyForDeploymentPostprocessing = 0;
		};
/* End PBXFrameworksBuildPhase section */

/* Begin PBXGroup section */
		4C0D6A1C1FC8090300E25DFD = {
			isa = PBXGroup;
			children = (
				4C0D6A271FC8090400E25DFD /* SmartShopping */,
				4C0D6A3C1FC8090400E25DFD /* SmartShoppingTests */,
				4C0D6A471FC8090400E25DFD /* SmartShoppingUITests */,
				4C0D6A261FC8090400E25DFD /* Products */,
				F383229015412BEC2F831D4D /* Pods */,
				785C37FA5785ED043A5BC09A /* Frameworks */,
			);
			sourceTree = "<group>";
		};
		4C0D6A261FC8090400E25DFD /* Products */ = {
			isa = PBXGroup;
			children = (
				4C0D6A251FC8090400E25DFD /* SmartShopping.app */,
				4C0D6A391FC8090400E25DFD /* SmartShoppingTests.xctest */,
				4C0D6A441FC8090400E25DFD /* SmartShoppingUITests.xctest */,
			);
			name = Products;
			sourceTree = "<group>";
		};
		4C0D6A271FC8090400E25DFD /* SmartShopping */ = {
			isa = PBXGroup;
			children = (
				4C7DB4521FC877C1006D0810 /* Views */,
				4C0D6A5C1FC81A2B00E25DFD /* ViewControllers */,
				4C0D6A281FC8090400E25DFD /* AppDelegate.swift */,
				4C0D6A2C1FC8090400E25DFD /* Main.storyboard */,
				4C0D6A2F1FC8090400E25DFD /* Assets.xcassets */,
				4C0D6A311FC8090400E25DFD /* LaunchScreen.storyboard */,
				4C0D6A341FC8090400E25DFD /* Info.plist */,
			);
			path = SmartShopping;
			sourceTree = "<group>";
		};
		4C0D6A3C1FC8090400E25DFD /* SmartShoppingTests */ = {
			isa = PBXGroup;
			children = (
				4C0D6A3D1FC8090400E25DFD /* SmartShoppingTests.swift */,
				4C0D6A3F1FC8090400E25DFD /* Info.plist */,
			);
			path = SmartShoppingTests;
			sourceTree = "<group>";
		};
		4C0D6A471FC8090400E25DFD /* SmartShoppingUITests */ = {
			isa = PBXGroup;
			children = (
				4C0D6A481FC8090400E25DFD /* SmartShoppingUITests.swift */,
				4C0D6A4A1FC8090400E25DFD /* Info.plist */,
			);
			path = SmartShoppingUITests;
			sourceTree = "<group>";
		};
		4C0D6A5C1FC81A2B00E25DFD /* ViewControllers */ = {
			isa = PBXGroup;
			children = (
				4C0D6A581FC809D000E25DFD /* BaseViewController.swift */,
				4C0D6A2A1FC8090400E25DFD /* MainViewController.swift */,
				4C0D6A561FC809B200E25DFD /* LoginViewController.swift */,
				4C0D6A5A1FC8112700E25DFD /* NotificationViewController.swift */,
			);
			path = ViewControllers;
			sourceTree = "<group>";
		};
		4C7DB4521FC877C1006D0810 /* Views */ = {
			isa = PBXGroup;
			children = (
				4C7DB4531FC877DB006D0810 /* ProductTableViewCell.swift */,
				4C7DB4551FC8780D006D0810 /* NotificationTableViewCell.swift */,
				4C7DB4571FC8783C006D0810 /* StoreTableViewCell.swift */,
			);
			path = Views;
			sourceTree = "<group>";
		};
		785C37FA5785ED043A5BC09A /* Frameworks */ = {
			isa = PBXGroup;
			children = (
				03C3191BE79793D3329E3279 /* Pods_SmartShopping.framework */,
				91DDBBD8D29192BB0563BA4D /* Pods_SmartShoppingTests.framework */,
				F6817B9EFF177E91C39A4D65 /* Pods_SmartShoppingUITests.framework */,
			);
			name = Frameworks;
			sourceTree = "<group>";
		};
		F383229015412BEC2F831D4D /* Pods */ = {
			isa = PBXGroup;
			children = (
				59EA0C14E7A5AF529292D936 /* Pods-SmartShopping.debug.xcconfig */,
				1B5365F9204E4D88B4CD4A82 /* Pods-SmartShopping.release.xcconfig */,
				885C7163FA4819623AFEC939 /* Pods-SmartShoppingTests.debug.xcconfig */,
				338CC2A7FC2EBA0354A564FF /* Pods-SmartShoppingTests.release.xcconfig */,
				06329440C27E72BBC238AE7D /* Pods-SmartShoppingUITests.debug.xcconfig */,
				A0FE6806794AA079986B79A0 /* Pods-SmartShoppingUITests.release.xcconfig */,
			);
			name = Pods;
			sourceTree = "<group>";
		};
/* End PBXGroup section */

/* Begin PBXNativeTarget section */
		4C0D6A241FC8090400E25DFD /* SmartShopping */ = {
			isa = PBXNativeTarget;
			buildConfigurationList = 4C0D6A4D1FC8090400E25DFD /* Build configuration list for PBXNativeTarget "SmartShopping" */;
			buildPhases = (
				27D538D29D90E726D46ADB1D /* [CP] Check Pods Manifest.lock */,
				4C0D6A211FC8090400E25DFD /* Sources */,
				4C0D6A221FC8090400E25DFD /* Frameworks */,
				4C0D6A231FC8090400E25DFD /* Resources */,
				EDE00BC5B608FBFCFE0CFAAA /* [CP] Embed Pods Frameworks */,
				1EE49DD659E0557F7BA86D77 /* [CP] Copy Pods Resources */,
			);
			buildRules = (
			);
			dependencies = (
			);
			name = SmartShopping;
			productName = SmartShopping;
			productReference = 4C0D6A251FC8090400E25DFD /* SmartShopping.app */;
			productType = "com.apple.product-type.application";
		};
		4C0D6A381FC8090400E25DFD /* SmartShoppingTests */ = {
			isa = PBXNativeTarget;
			buildConfigurationList = 4C0D6A501FC8090400E25DFD /* Build configuration list for PBXNativeTarget "SmartShoppingTests" */;
			buildPhases = (
				9DF4918189812AF0117168E8 /* [CP] Check Pods Manifest.lock */,
				4C0D6A351FC8090400E25DFD /* Sources */,
				4C0D6A361FC8090400E25DFD /* Frameworks */,
				4C0D6A371FC8090400E25DFD /* Resources */,
				351B323A647AD42D70580DEC /* [CP] Embed Pods Frameworks */,
				4391BA9D808E8DA3C82F685A /* [CP] Copy Pods Resources */,
			);
			buildRules = (
			);
			dependencies = (
				4C0D6A3B1FC8090400E25DFD /* PBXTargetDependency */,
			);
			name = SmartShoppingTests;
			productName = SmartShoppingTests;
			productReference = 4C0D6A391FC8090400E25DFD /* SmartShoppingTests.xctest */;
			productType = "com.apple.product-type.bundle.unit-test";
		};
		4C0D6A431FC8090400E25DFD /* SmartShoppingUITests */ = {
			isa = PBXNativeTarget;
			buildConfigurationList = 4C0D6A531FC8090400E25DFD /* Build configuration list for PBXNativeTarget "SmartShoppingUITests" */;
			buildPhases = (
				FA7AC7DBE73D16F4EE5196F1 /* [CP] Check Pods Manifest.lock */,
				4C0D6A401FC8090400E25DFD /* Sources */,
				4C0D6A411FC8090400E25DFD /* Frameworks */,
				4C0D6A421FC8090400E25DFD /* Resources */,
				D3DA45ECB3C9B0B184082F5C /* [CP] Embed Pods Frameworks */,
				B1F87E39C6B1DBEC16244682 /* [CP] Copy Pods Resources */,
			);
			buildRules = (
			);
			dependencies = (
				4C0D6A461FC8090400E25DFD /* PBXTargetDependency */,
			);
			name = SmartShoppingUITests;
			productName = SmartShoppingUITests;
			productReference = 4C0D6A441FC8090400E25DFD /* SmartShoppingUITests.xctest */;
			productType = "com.apple.product-type.bundle.ui-testing";
		};
/* End PBXNativeTarget section */

/* Begin PBXProject section */
		4C0D6A1D1FC8090300E25DFD /* Project object */ = {
			isa = PBXProject;
			attributes = {
				LastSwiftUpdateCheck = 0900;
				LastUpgradeCheck = 0900;
				ORGANIZATIONNAME = "Ngoc LE";
				TargetAttributes = {
					4C0D6A241FC8090400E25DFD = {
						CreatedOnToolsVersion = 9.0;
						ProvisioningStyle = Automatic;
					};
					4C0D6A381FC8090400E25DFD = {
						CreatedOnToolsVersion = 9.0;
						ProvisioningStyle = Automatic;
						TestTargetID = 4C0D6A241FC8090400E25DFD;
					};
					4C0D6A431FC8090400E25DFD = {
						CreatedOnToolsVersion = 9.0;
						ProvisioningStyle = Automatic;
						TestTargetID = 4C0D6A241FC8090400E25DFD;
					};
				};
			};
			buildConfigurationList = 4C0D6A201FC8090300E25DFD /* Build configuration list for PBXProject "SmartShopping" */;
			compatibilityVersion = "Xcode 8.0";
			developmentRegion = en;
			hasScannedForEncodings = 0;
			knownRegions = (
				en,
				Base,
			);
			mainGroup = 4C0D6A1C1FC8090300E25DFD;
			productRefGroup = 4C0D6A261FC8090400E25DFD /* Products */;
			projectDirPath = "";
			projectRoot = "";
			targets = (
				4C0D6A241FC8090400E25DFD /* SmartShopping */,
				4C0D6A381FC8090400E25DFD /* SmartShoppingTests */,
				4C0D6A431FC8090400E25DFD /* SmartShoppingUITests */,
			);
		};
/* End PBXProject section */

/* Begin PBXResourcesBuildPhase section */
		4C0D6A231FC8090400E25DFD /* Resources */ = {
			isa = PBXResourcesBuildPhase;
			buildActionMask = 2147483647;
			files = (
				4C0D6A331FC8090400E25DFD /* LaunchScreen.storyboard in Resources */,
				4C0D6A301FC8090400E25DFD /* Assets.xcassets in Resources */,
				4C0D6A2E1FC8090400E25DFD /* Main.storyboard in Resources */,
			);
			runOnlyForDeploymentPostprocessing = 0;
		};
		4C0D6A371FC8090400E25DFD /* Resources */ = {
			isa = PBXResourcesBuildPhase;
			buildActionMask = 2147483647;
			files = (
			);
			runOnlyForDeploymentPostprocessing = 0;
		};
		4C0D6A421FC8090400E25DFD /* Resources */ = {
			isa = PBXResourcesBuildPhase;
			buildActionMask = 2147483647;
			files = (
			);
			runOnlyForDeploymentPostprocessing = 0;
		};
/* End PBXResourcesBuildPhase section */

/* Begin PBXShellScriptBuildPhase section */
		1EE49DD659E0557F7BA86D77 /* [CP] Copy Pods Resources */ = {
			isa = PBXShellScriptBuildPhase;
			buildActionMask = 12;
			files = (
			);
			inputPaths = (
			);
			name = "[CP] Copy Pods Resources";
			outputPaths = (
			);
			runOnlyForDeploymentPostprocessing = 0;
			shellPath = /bin/sh;
			shellScript = "\"${SRCROOT}/Pods/Target Support Files/Pods-SmartShopping/Pods-SmartShopping-resources.sh\"\n";
			showEnvVarsInLog = 0;
		};
		27D538D29D90E726D46ADB1D /* [CP] Check Pods Manifest.lock */ = {
			isa = PBXShellScriptBuildPhase;
			buildActionMask = 12;
			files = (
			);
			inputPaths = (
			);
			name = "[CP] Check Pods Manifest.lock";
			outputPaths = (
			);
			runOnlyForDeploymentPostprocessing = 0;
			shellPath = /bin/sh;
			shellScript = "diff \"${PODS_PODFILE_DIR_PATH}/Podfile.lock\" \"${PODS_ROOT}/Manifest.lock\" > /dev/null\nif [ $? != 0 ] ; then\n    # print error to STDERR\n    echo \"error: The sandbox is not in sync with the Podfile.lock. Run 'pod install' or update your CocoaPods installation.\" >&2\n    exit 1\nfi\n";
			showEnvVarsInLog = 0;
		};
		351B323A647AD42D70580DEC /* [CP] Embed Pods Frameworks */ = {
			isa = PBXShellScriptBuildPhase;
			buildActionMask = 2147483647;
			files = (
			);
			inputPaths = (
			);
			name = "[CP] Embed Pods Frameworks";
			outputPaths = (
			);
			runOnlyForDeploymentPostprocessing = 0;
			shellPath = /bin/sh;
			shellScript = "\"${SRCROOT}/Pods/Target Support Files/Pods-SmartShoppingTests/Pods-SmartShoppingTests-frameworks.sh\"\n";
			showEnvVarsInLog = 0;
		};
		4391BA9D808E8DA3C82F685A /* [CP] Copy Pods Resources */ = {
			isa = PBXShellScriptBuildPhase;
			buildActionMask = 2147483647;
			files = (
			);
			inputPaths = (
			);
			name = "[CP] Copy Pods Resources";
			outputPaths = (
			);
			runOnlyForDeploymentPostprocessing = 0;
			shellPath = /bin/sh;
			shellScript = "\"${SRCROOT}/Pods/Target Support Files/Pods-SmartShoppingTests/Pods-SmartShoppingTests-resources.sh\"\n";
			showEnvVarsInLog = 0;
		};
		9DF4918189812AF0117168E8 /* [CP] Check Pods Manifest.lock */ = {
			isa = PBXShellScriptBuildPhase;
			buildActionMask = 2147483647;
			files = (
			);
			inputPaths = (
			);
			name = "[CP] Check Pods Manifest.lock";
			outputPaths = (
			);
			runOnlyForDeploymentPostprocessing = 0;
			shellPath = /bin/sh;
			shellScript = "diff \"${PODS_PODFILE_DIR_PATH}/Podfile.lock\" \"${PODS_ROOT}/Manifest.lock\" > /dev/null\nif [ $? != 0 ] ; then\n    # print error to STDERR\n    echo \"error: The sandbox is not in sync with the Podfile.lock. Run 'pod install' or update your CocoaPods installation.\" >&2\n    exit 1\nfi\n";
			showEnvVarsInLog = 0;
		};
		B1F87E39C6B1DBEC16244682 /* [CP] Copy Pods Resources */ = {
			isa = PBXShellScriptBuildPhase;
			buildActionMask = 2147483647;
			files = (
			);
			inputPaths = (
			);
			name = "[CP] Copy Pods Resources";
			outputPaths = (
			);
			runOnlyForDeploymentPostprocessing = 0;
			shellPath = /bin/sh;
			shellScript = "\"${SRCROOT}/Pods/Target Support Files/Pods-SmartShoppingUITests/Pods-SmartShoppingUITests-resources.sh\"\n";
			showEnvVarsInLog = 0;
		};
		D3DA45ECB3C9B0B184082F5C /* [CP] Embed Pods Frameworks */ = {
			isa = PBXShellScriptBuildPhase;
			buildActionMask = 2147483647;
			files = (
			);
			inputPaths = (
			);
			name = "[CP] Embed Pods Frameworks";
			outputPaths = (
			);
			runOnlyForDeploymentPostprocessing = 0;
			shellPath = /bin/sh;
			shellScript = "\"${SRCROOT}/Pods/Target Support Files/Pods-SmartShoppingUITests/Pods-SmartShoppingUITests-frameworks.sh\"\n";
			showEnvVarsInLog = 0;
		};
		EDE00BC5B608FBFCFE0CFAAA /* [CP] Embed Pods Frameworks */ = {
			isa = PBXShellScriptBuildPhase;
			buildActionMask = 2147483647;
			files = (
			);
			inputPaths = (
			);
			name = "[CP] Embed Pods Frameworks";
			outputPaths = (
			);
			runOnlyForDeploymentPostprocessing = 0;
			shellPath = /bin/sh;
			shellScript = "\"${SRCROOT}/Pods/Target Support Files/Pods-SmartShopping/Pods-SmartShopping-frameworks.sh\"\n";
			showEnvVarsInLog = 0;
		};
		FA7AC7DBE73D16F4EE5196F1 /* [CP] Check Pods Manifest.lock */ = {
			isa = PBXShellScriptBuildPhase;
			buildActionMask = 2147483647;
			files = (
			);
			inputPaths = (
			);
			name = "[CP] Check Pods Manifest.lock";
			outputPaths = (
			);
			runOnlyForDeploymentPostprocessing = 0;
			shellPath = /bin/sh;
			shellScript = "diff \"${PODS_PODFILE_DIR_PATH}/Podfile.lock\" \"${PODS_ROOT}/Manifest.lock\" > /dev/null\nif [ $? != 0 ] ; then\n    # print error to STDERR\n    echo \"error: The sandbox is not in sync with the Podfile.lock. Run 'pod install' or update your CocoaPods installation.\" >&2\n    exit 1\nfi\n";
			showEnvVarsInLog = 0;
		};
/* End PBXShellScriptBuildPhase section */

/* Begin PBXSourcesBuildPhase section */
		4C0D6A211FC8090400E25DFD /* Sources */ = {
			isa = PBXSourcesBuildPhase;
			buildActionMask = 2147483647;
			files = (
				4C7DB4561FC8780D006D0810 /* NotificationTableViewCell.swift in Sources */,
				4C0D6A5B1FC8112700E25DFD /* NotificationViewController.swift in Sources */,
				4C0D6A571FC809B200E25DFD /* LoginViewController.swift in Sources */,
				4C7DB4581FC8783C006D0810 /* StoreTableViewCell.swift in Sources */,
				4C0D6A591FC809D000E25DFD /* BaseViewController.swift in Sources */,
				4C0D6A2B1FC8090400E25DFD /* MainViewController.swift in Sources */,
				4C0D6A291FC8090400E25DFD /* AppDelegate.swift in Sources */,
				4C7DB4541FC877DB006D0810 /* ProductTableViewCell.swift in Sources */,
			);
			runOnlyForDeploymentPostprocessing = 0;
		};
		4C0D6A351FC8090400E25DFD /* Sources */ = {
			isa = PBXSourcesBuildPhase;
			buildActionMask = 2147483647;
			files = (
				4C0D6A3E1FC8090400E25DFD /* SmartShoppingTests.swift in Sources */,
			);
			runOnlyForDeploymentPostprocessing = 0;
		};
		4C0D6A401FC8090400E25DFD /* Sources */ = {
			isa = PBXSourcesBuildPhase;
			buildActionMask = 2147483647;
			files = (
				4C0D6A491FC8090400E25DFD /* SmartShoppingUITests.swift in Sources */,
			);
			runOnlyForDeploymentPostprocessing = 0;
		};
/* End PBXSourcesBuildPhase section */

/* Begin PBXTargetDependency section */
		4C0D6A3B1FC8090400E25DFD /* PBXTargetDependency */ = {
			isa = PBXTargetDependency;
			target = 4C0D6A241FC8090400E25DFD /* SmartShopping */;
			targetProxy = 4C0D6A3A1FC8090400E25DFD /* PBXContainerItemProxy */;
		};
		4C0D6A461FC8090400E25DFD /* PBXTargetDependency */ = {
			isa = PBXTargetDependency;
			target = 4C0D6A241FC8090400E25DFD /* SmartShopping */;
			targetProxy = 4C0D6A451FC8090400E25DFD /* PBXContainerItemProxy */;
		};
/* End PBXTargetDependency section */

/* Begin PBXVariantGroup section */
		4C0D6A2C1FC8090400E25DFD /* Main.storyboard */ = {
			isa = PBXVariantGroup;
			children = (
				4C0D6A2D1FC8090400E25DFD /* Base */,
			);
			name = Main.storyboard;
			sourceTree = "<group>";
		};
		4C0D6A311FC8090400E25DFD /* LaunchScreen.storyboard */ = {
			isa = PBXVariantGroup;
			children = (
				4C0D6A321FC8090400E25DFD /* Base */,
			);
			name = LaunchScreen.storyboard;
			sourceTree = "<group>";
		};
/* End PBXVariantGroup section */

/* Begin XCBuildConfiguration section */
		4C0D6A4B1FC8090400E25DFD /* Debug */ = {
			isa = XCBuildConfiguration;
			buildSettings = {
				ALWAYS_SEARCH_USER_PATHS = NO;
				CLANG_ANALYZER_NONNULL = YES;
				CLANG_ANALYZER_NUMBER_OBJECT_CONVERSION = YES_AGGRESSIVE;
				CLANG_CXX_LANGUAGE_STANDARD = "gnu++14";
				CLANG_CXX_LIBRARY = "libc++";
				CLANG_ENABLE_MODULES = YES;
				CLANG_ENABLE_OBJC_ARC = YES;
				CLANG_WARN_BLOCK_CAPTURE_AUTORELEASING = YES;
				CLANG_WARN_BOOL_CONVERSION = YES;
				CLANG_WARN_COMMA = YES;
				CLANG_WARN_CONSTANT_CONVERSION = YES;
				CLANG_WARN_DIRECT_OBJC_ISA_USAGE = YES_ERROR;
				CLANG_WARN_DOCUMENTATION_COMMENTS = YES;
				CLANG_WARN_EMPTY_BODY = YES;
				CLANG_WARN_ENUM_CONVERSION = YES;
				CLANG_WARN_INFINITE_RECURSION = YES;
				CLANG_WARN_INT_CONVERSION = YES;
				CLANG_WARN_NON_LITERAL_NULL_CONVERSION = YES;
				CLANG_WARN_OBJC_LITERAL_CONVERSION = YES;
				CLANG_WARN_OBJC_ROOT_CLASS = YES_ERROR;
				CLANG_WARN_RANGE_LOOP_ANALYSIS = YES;
				CLANG_WARN_STRICT_PROTOTYPES = YES;
				CLANG_WARN_SUSPICIOUS_MOVE = YES;
				CLANG_WARN_UNGUARDED_AVAILABILITY = YES_AGGRESSIVE;
				CLANG_WARN_UNREACHABLE_CODE = YES;
				CLANG_WARN__DUPLICATE_METHOD_MATCH = YES;
				CODE_SIGN_IDENTITY = "iPhone Developer";
				COPY_PHASE_STRIP = NO;
				DEBUG_INFORMATION_FORMAT = dwarf;
				ENABLE_STRICT_OBJC_MSGSEND = YES;
				ENABLE_TESTABILITY = YES;
				GCC_C_LANGUAGE_STANDARD = gnu11;
				GCC_DYNAMIC_NO_PIC = NO;
				GCC_NO_COMMON_BLOCKS = YES;
				GCC_OPTIMIZATION_LEVEL = 0;
				GCC_PREPROCESSOR_DEFINITIONS = (
					"DEBUG=1",
					"$(inherited)",
				);
				GCC_WARN_64_TO_32_BIT_CONVERSION = YES;
				GCC_WARN_ABOUT_RETURN_TYPE = YES_ERROR;
				GCC_WARN_UNDECLARED_SELECTOR = YES;
				GCC_WARN_UNINITIALIZED_AUTOS = YES_AGGRESSIVE;
				GCC_WARN_UNUSED_FUNCTION = YES;
				GCC_WARN_UNUSED_VARIABLE = YES;
				IPHONEOS_DEPLOYMENT_TARGET = 11.0;
				MTL_ENABLE_DEBUG_INFO = YES;
				ONLY_ACTIVE_ARCH = YES;
				SDKROOT = iphoneos;
				SWIFT_ACTIVE_COMPILATION_CONDITIONS = DEBUG;
				SWIFT_OPTIMIZATION_LEVEL = "-Onone";
			};
			name = Debug;
		};
		4C0D6A4C1FC8090400E25DFD /* Release */ = {
			isa = XCBuildConfiguration;
			buildSettings = {
				ALWAYS_SEARCH_USER_PATHS = NO;
				CLANG_ANALYZER_NONNULL = YES;
				CLANG_ANALYZER_NUMBER_OBJECT_CONVERSION = YES_AGGRESSIVE;
				CLANG_CXX_LANGUAGE_STANDARD = "gnu++14";
				CLANG_CXX_LIBRARY = "libc++";
				CLANG_ENABLE_MODULES = YES;
				CLANG_ENABLE_OBJC_ARC = YES;
				CLANG_WARN_BLOCK_CAPTURE_AUTORELEASING = YES;
				CLANG_WARN_BOOL_CONVERSION = YES;
				CLANG_WARN_COMMA = YES;
				CLANG_WARN_CONSTANT_CONVERSION = YES;
				CLANG_WARN_DIRECT_OBJC_ISA_USAGE = YES_ERROR;
				CLANG_WARN_DOCUMENTATION_COMMENTS = YES;
				CLANG_WARN_EMPTY_BODY = YES;
				CLANG_WARN_ENUM_CONVERSION = YES;
				CLANG_WARN_INFINITE_RECURSION = YES;
				CLANG_WARN_INT_CONVERSION = YES;
				CLANG_WARN_NON_LITERAL_NULL_CONVERSION = YES;
				CLANG_WARN_OBJC_LITERAL_CONVERSION = YES;
				CLANG_WARN_OBJC_ROOT_CLASS = YES_ERROR;
				CLANG_WARN_RANGE_LOOP_ANALYSIS = YES;
				CLANG_WARN_STRICT_PROTOTYPES = YES;
				CLANG_WARN_SUSPICIOUS_MOVE = YES;
				CLANG_WARN_UNGUARDED_AVAILABILITY = YES_AGGRESSIVE;
				CLANG_WARN_UNREACHABLE_CODE = YES;
				CLANG_WARN__DUPLICATE_METHOD_MATCH = YES;
				CODE_SIGN_IDENTITY = "iPhone Developer";
				COPY_PHASE_STRIP = NO;
				DEBUG_INFORMATION_FORMAT = "dwarf-with-dsym";
				ENABLE_NS_ASSERTIONS = NO;
				ENABLE_STRICT_OBJC_MSGSEND = YES;
				GCC_C_LANGUAGE_STANDARD = gnu11;
				GCC_NO_COMMON_BLOCKS = YES;
				GCC_WARN_64_TO_32_BIT_CONVERSION = YES;
				GCC_WARN_ABOUT_RETURN_TYPE = YES_ERROR;
				GCC_WARN_UNDECLARED_SELECTOR = YES;
				GCC_WARN_UNINITIALIZED_AUTOS = YES_AGGRESSIVE;
				GCC_WARN_UNUSED_FUNCTION = YES;
				GCC_WARN_UNUSED_VARIABLE = YES;
				IPHONEOS_DEPLOYMENT_TARGET = 11.0;
				MTL_ENABLE_DEBUG_INFO = NO;
				SDKROOT = iphoneos;
				SWIFT_OPTIMIZATION_LEVEL = "-Owholemodule";
				VALIDATE_PRODUCT = YES;
			};
			name = Release;
		};
		4C0D6A4E1FC8090400E25DFD /* Debug */ = {
			isa = XCBuildConfiguration;
			baseConfigurationReference = 59EA0C14E7A5AF529292D936 /* Pods-SmartShopping.debug.xcconfig */;
			buildSettings = {
				ASSETCATALOG_COMPILER_APPICON_NAME = AppIcon;
				CODE_SIGN_STYLE = Automatic;
				DEVELOPMENT_TEAM = DVKPWWHTCM;
				INFOPLIST_FILE = SmartShopping/Info.plist;
				IPHONEOS_DEPLOYMENT_TARGET = 10.0;
				LD_RUNPATH_SEARCH_PATHS = "$(inherited) @executable_path/Frameworks";
				PRODUCT_BUNDLE_IDENTIFIER = life.coder.SmartShopping;
				PRODUCT_NAME = "$(TARGET_NAME)";
				SWIFT_VERSION = 4.0;
				TARGETED_DEVICE_FAMILY = 1;
			};
			name = Debug;
		};
		4C0D6A4F1FC8090400E25DFD /* Release */ = {
			isa = XCBuildConfiguration;
			baseConfigurationReference = 1B5365F9204E4D88B4CD4A82 /* Pods-SmartShopping.release.xcconfig */;
			buildSettings = {
				ASSETCATALOG_COMPILER_APPICON_NAME = AppIcon;
				CODE_SIGN_STYLE = Automatic;
				DEVELOPMENT_TEAM = DVKPWWHTCM;
				INFOPLIST_FILE = SmartShopping/Info.plist;
				IPHONEOS_DEPLOYMENT_TARGET = 10.0;
				LD_RUNPATH_SEARCH_PATHS = "$(inherited) @executable_path/Frameworks";
				PRODUCT_BUNDLE_IDENTIFIER = life.coder.SmartShopping;
				PRODUCT_NAME = "$(TARGET_NAME)";
				SWIFT_VERSION = 4.0;
				TARGETED_DEVICE_FAMILY = 1;
			};
			name = Release;
		};
		4C0D6A511FC8090400E25DFD /* Debug */ = {
			isa = XCBuildConfiguration;
			baseConfigurationReference = 885C7163FA4819623AFEC939 /* Pods-SmartShoppingTests.debug.xcconfig */;
			buildSettings = {
				ALWAYS_EMBED_SWIFT_STANDARD_LIBRARIES = YES;
				BUNDLE_LOADER = "$(TEST_HOST)";
				CODE_SIGN_STYLE = Automatic;
				INFOPLIST_FILE = SmartShoppingTests/Info.plist;
				LD_RUNPATH_SEARCH_PATHS = "$(inherited) @executable_path/Frameworks @loader_path/Frameworks";
				PRODUCT_BUNDLE_IDENTIFIER = life.coder.SmartShoppingTests;
				PRODUCT_NAME = "$(TARGET_NAME)";
				SWIFT_VERSION = 4.0;
				TARGETED_DEVICE_FAMILY = "1,2";
				TEST_HOST = "$(BUILT_PRODUCTS_DIR)/SmartShopping.app/SmartShopping";
			};
			name = Debug;
		};
		4C0D6A521FC8090400E25DFD /* Release */ = {
			isa = XCBuildConfiguration;
			baseConfigurationReference = 338CC2A7FC2EBA0354A564FF /* Pods-SmartShoppingTests.release.xcconfig */;
			buildSettings = {
				ALWAYS_EMBED_SWIFT_STANDARD_LIBRARIES = YES;
				BUNDLE_LOADER = "$(TEST_HOST)";
				CODE_SIGN_STYLE = Automatic;
				INFOPLIST_FILE = SmartShoppingTests/Info.plist;
				LD_RUNPATH_SEARCH_PATHS = "$(inherited) @executable_path/Frameworks @loader_path/Frameworks";
				PRODUCT_BUNDLE_IDENTIFIER = life.coder.SmartShoppingTests;
				PRODUCT_NAME = "$(TARGET_NAME)";
				SWIFT_VERSION = 4.0;
				TARGETED_DEVICE_FAMILY = "1,2";
				TEST_HOST = "$(BUILT_PRODUCTS_DIR)/SmartShopping.app/SmartShopping";
			};
			name = Release;
		};
		4C0D6A541FC8090400E25DFD /* Debug */ = {
			isa = XCBuildConfiguration;
			baseConfigurationReference = 06329440C27E72BBC238AE7D /* Pods-SmartShoppingUITests.debug.xcconfig */;
			buildSettings = {
				ALWAYS_EMBED_SWIFT_STANDARD_LIBRARIES = YES;
				CODE_SIGN_STYLE = Automatic;
				INFOPLIST_FILE = SmartShoppingUITests/Info.plist;
				LD_RUNPATH_SEARCH_PATHS = "$(inherited) @executable_path/Frameworks @loader_path/Frameworks";
				PRODUCT_BUNDLE_IDENTIFIER = life.coder.SmartShoppingUITests;
				PRODUCT_NAME = "$(TARGET_NAME)";
				SWIFT_VERSION = 4.0;
				TARGETED_DEVICE_FAMILY = "1,2";
				TEST_TARGET_NAME = SmartShopping;
			};
			name = Debug;
		};
		4C0D6A551FC8090400E25DFD /* Release */ = {
			isa = XCBuildConfiguration;
			baseConfigurationReference = A0FE6806794AA079986B79A0 /* Pods-SmartShoppingUITests.release.xcconfig */;
			buildSettings = {
				ALWAYS_EMBED_SWIFT_STANDARD_LIBRARIES = YES;
				CODE_SIGN_STYLE = Automatic;
				INFOPLIST_FILE = SmartShoppingUITests/Info.plist;
				LD_RUNPATH_SEARCH_PATHS = "$(inherited) @executable_path/Frameworks @loader_path/Frameworks";
				PRODUCT_BUNDLE_IDENTIFIER = life.coder.SmartShoppingUITests;
				PRODUCT_NAME = "$(TARGET_NAME)";
				SWIFT_VERSION = 4.0;
				TARGETED_DEVICE_FAMILY = "1,2";
				TEST_TARGET_NAME = SmartShopping;
			};
			name = Release;
		};
/* End XCBuildConfiguration section */

/* Begin XCConfigurationList section */
		4C0D6A201FC8090300E25DFD /* Build configuration list for PBXProject "SmartShopping" */ = {
			isa = XCConfigurationList;
			buildConfigurations = (
				4C0D6A4B1FC8090400E25DFD /* Debug */,
				4C0D6A4C1FC8090400E25DFD /* Release */,
			);
			defaultConfigurationIsVisible = 0;
			defaultConfigurationName = Release;
		};
		4C0D6A4D1FC8090400E25DFD /* Build configuration list for PBXNativeTarget "SmartShopping" */ = {
			isa = XCConfigurationList;
			buildConfigurations = (
				4C0D6A4E1FC8090400E25DFD /* Debug */,
				4C0D6A4F1FC8090400E25DFD /* Release */,
			);
			defaultConfigurationIsVisible = 0;
			defaultConfigurationName = Release;
		};
		4C0D6A501FC8090400E25DFD /* Build configuration list for PBXNativeTarget "SmartShoppingTests" */ = {
			isa = XCConfigurationList;
			buildConfigurations = (
				4C0D6A511FC8090400E25DFD /* Debug */,
				4C0D6A521FC8090400E25DFD /* Release */,
			);
			defaultConfigurationIsVisible = 0;
			defaultConfigurationName = Release;
		};
		4C0D6A531FC8090400E25DFD /* Build configuration list for PBXNativeTarget "SmartShoppingUITests" */ = {
			isa = XCConfigurationList;
			buildConfigurations = (
				4C0D6A541FC8090400E25DFD /* Debug */,
				4C0D6A551FC8090400E25DFD /* Release */,
			);
			defaultConfigurationIsVisible = 0;
			defaultConfigurationName = Release;
		};
/* End XCConfigurationList section */
	};
	rootObject = 4C0D6A1D1FC8090300E25DFD /* Project object */;
}
